
Microsoft Visual Studio Solution File, Format Version 12.00
# Visual Studio Version 16
VisualStudioVersion = 16.0.29728.190
MinimumVisualStudioVersion = 10.0.40219.1
Project("{FAE04EC0-301F-11D3-BF4B-00C04F79EFBC}") = "XamApp.UWP", "XamApp\XamApp.UWP\XamApp.UWP.csproj", "{6BCBAAFA-0C0B-4DDF-9F4D-09F02538A131}"
EndProject
Project("{FAE04EC0-301F-11D3-BF4B-00C04F79EFBC}") = "XamApp.Android", "XamApp\XamApp.Android\XamApp.Android.csproj", "{AC59E8AB-6A22-4B7F-B8A7-FC3257B9E1CD}"
EndProject
Project("{FAE04EC0-301F-11D3-BF4B-00C04F79EFBC}") = "XamApp.iOS", "XamApp\XamApp.iOS\XamApp.iOS.csproj", "{1F538C24-BC46-4D40-9193-C4B95A871B4F}"
EndProject
Project("{FAE04EC0-301F-11D3-BF4B-00C04F79EFBC}") = "XamApp", "XamApp\XamApp\XamApp.csproj", "{D332C987-844F-4A2C-89D8-7A6C94EE2B40}"
EndProject
Global
	GlobalSection(SolutionConfigurationPlatforms) = preSolution
		Debug|Any CPU = Debug|Any CPU
		Debug|ARM = Debug|ARM
		Debug|iPhone = Debug|iPhone
		Debug|iPhoneSimulator = Debug|iPhoneSimulator
		Debug|x64 = Debug|x64
		Debug|x86 = Debug|x86
		Release|Any CPU = Release|Any CPU
		Release|ARM = Release|ARM
		Release|iPhone = Release|iPhone
		Release|iPhoneSimulator = Release|iPhoneSimulator
		Release|x64 = Release|x64
		Release|x86 = Release|x86
	EndGlobalSection
	GlobalSection(ProjectConfigurationPlatforms) = postSolution
		{6BCBAAFA-0C0B-4DDF-9F4D-09F02538A131}.Debug|Any CPU.ActiveCfg = Debug|x86
		{6BCBAAFA-0C0B-4DDF-9F4D-09F02538A131}.Debug|Any CPU.Build.0 = Debug|x86
		{6BCBAAFA-0C0B-4DDF-9F4D-09F02538A131}.Debug|Any CPU.Deploy.0 = Debug|x86
		{6BCBAAFA-0C0B-4DDF-9F4D-09F02538A131}.Debug|ARM.ActiveCfg = Debug|ARM
		{6BCBAAFA-0C0B-4DDF-9F4D-09F02538A131}.Debug|ARM.Build.0 = Debug|ARM
		{6BCBAAFA-0C0B-4DDF-9F4D-09F02538A131}.Debug|ARM.Deploy.0 = Debug|ARM
		{6BCBAAFA-0C0B-4DDF-9F4D-09F02538A131}.Debug|iPhone.ActiveCfg = Debug|x86
		{6BCBAAFA-0C0B-4DDF-9F4D-09F02538A131}.Debug|iPhone.Build.0 = Debug|x86
		{6BCBAAFA-0C0B-4DDF-9F4D-09F02538A131}.Debug|iPhone.Deploy.0 = Debug|x86
		{6BCBAAFA-0C0B-4DDF-9F4D-09F02538A131}.Debug|iPhoneSimulator.ActiveCfg = Debug|x86
		{6BCBAAFA-0C0B-4DDF-9F4D-09F02538A131}.Debug|iPhoneSimulator.Build.0 = Debug|x86
		{6BCBAAFA-0C0B-4DDF-9F4D-09F02538A131}.Debug|iPhoneSimulator.Deploy.0 = Debug|x86
		{6BCBAAFA-0C0B-4DDF-9F4D-09F02538A131}.Debug|x64.ActiveCfg = Debug|x64
		{6BCBAAFA-0C0B-4DDF-9F4D-09F02538A131}.Debug|x64.Build.0 = Debug|x64
		{6BCBAAFA-0C0B-4DDF-9F4D-09F02538A131}.Debug|x64.Deploy.0 = Debug|x64
		{6BCBAAFA-0C0B-4DDF-9F4D-09F02538A131}.Debug|x86.ActiveCfg = Debug|x86
		{6BCBAAFA-0C0B-4DDF-9F4D-09F02538A131}.Debug|x86.Build.0 = Debug|x86
		{6BCBAAFA-0C0B-4DDF-9F4D-09F02538A131}.Debug|x86.Deploy.0 = Debug|x86
		{6BCBAAFA-0C0B-4DDF-9F4D-09F02538A131}.Release|Any CPU.ActiveCfg = Release|x86
		{6BCBAAFA-0C0B-4DDF-9F4D-09F02538A131}.Release|Any CPU.Build.0 = Release|x86
		{6BCBAAFA-0C0B-4DDF-9F4D-09F02538A131}.Release|Any CPU.Deploy.0 = Release|x86
		{6BCBAAFA-0C0B-4DDF-9F4D-09F02538A131}.Release|ARM.ActiveCfg = Release|ARM
		{6BCBAAFA-0C0B-4DDF-9F4D-09F02538A131}.Release|ARM.Build.0 = Release|ARM
		{6BCBAAFA-0C0B-4DDF-9F4D-09F02538A131}.Release|ARM.Deploy.0 = Release|ARM
		{6BCBAAFA-0C0B-4DDF-9F4D-09F02538A131}.Release|iPhone.ActiveCfg = Release|x86
		{6BCBAAFA-0C0B-4DDF-9F4D-09F02538A131}.Release|iPhone.Build.0 = Release|x86
		{6BCBAAFA-0C0B-4DDF-9F4D-09F02538A131}.Release|iPhone.Deploy.0 = Release|x86
		{6BCBAAFA-0C0B-4DDF-9F4D-09F02538A131}.Release|iPhoneSimulator.ActiveCfg = Release|x86
		{6BCBAAFA-0C0B-4DDF-9F4D-09F02538A131}.Release|iPhoneSimulator.Build.0 = Release|x86
		{6BCBAAFA-0C0B-4DDF-9F4D-09F02538A131}.Release|iPhoneSimulator.Deploy.0 = Release|x86
		{6BCBAAFA-0C0B-4DDF-9F4D-09F02538A131}.Release|x64.ActiveCfg = Release|x64
		{6BCBAAFA-0C0B-4DDF-9F4D-09F02538A131}.Release|x64.Build.0 = Release|x64
		{6BCBAAFA-0C0B-4DDF-9F4D-09F02538A131}.Release|x64.Deploy.0 = Release|x64
		{6BCBAAFA-0C0B-4DDF-9F4D-09F02538A131}.Release|x86.ActiveCfg = Release|x86
		{6BCBAAFA-0C0B-4DDF-9F4D-09F02538A131}.Release|x86.Build.0 = Release|x86
		{6BCBAAFA-0C0B-4DDF-9F4D-09F02538A131}.Release|x86.Deploy.0 = Release|x86
		{AC59E8AB-6A22-4B7F-B8A7-FC3257B9E1CD}.Debug|Any CPU.ActiveCfg = Debug|Any CPU
		{AC59E8AB-6A22-4B7F-B8A7-FC3257B9E1CD}.Debug|Any CPU.Build.0 = Debug|Any CPU
		{AC59E8AB-6A22-4B7F-B8A7-FC3257B9E1CD}.Debug|Any CPU.Deploy.0 = Debug|Any CPU
		{AC59E8AB-6A22-4B7F-B8A7-FC3257B9E1CD}.Debug|ARM.ActiveCfg = Debug|Any CPU
		{AC59E8AB-6A22-4B7F-B8A7-FC3257B9E1CD}.Debug|ARM.Build.0 = Debug|Any CPU
		{AC59E8AB-6A22-4B7F-B8A7-FC3257B9E1CD}.Debug|ARM.Deploy.0 = Debug|Any CPU
		{AC59E8AB-6A22-4B7F-B8A7-FC3257B9E1CD}.Debug|iPhone.ActiveCfg = Debug|Any CPU
		{AC59E8AB-6A22-4B7F-B8A7-FC3257B9E1CD}.Debug|iPhone.Build.0 = Debug|Any CPU
		{AC59E8AB-6A22-4B7F-B8A7-FC3257B9E1CD}.Debug|iPhone.Deploy.0 = Debug|Any CPU
		{AC59E8AB-6A22-4B7F-B8A7-FC3257B9E1CD}.Debug|iPhoneSimulator.ActiveCfg = Debug|Any CPU
		{AC59E8AB-6A22-4B7F-B8A7-FC3257B9E1CD}.Debug|iPhoneSimulator.Build.0 = Debug|Any CPU
		{AC59E8AB-6A22-4B7F-B8A7-FC3257B9E1CD}.Debug|iPhoneSimulator.Deploy.0 = Debug|Any CPU
		{AC59E8AB-6A22-4B7F-B8A7-FC3257B9E1CD}.Debug|x64.ActiveCfg = Debug|Any CPU
		{AC59E8AB-6A22-4B7F-B8A7-FC3257B9E1CD}.Debug|x64.Build.0 = Debug|Any CPU
		{AC59E8AB-6A22-4B7F-B8A7-FC3257B9E1CD}.Debug|x64.Deploy.0 = Debug|Any CPU
		{AC59E8AB-6A22-4B7F-B8A7-FC3257B9E1CD}.Debug|x86.ActiveCfg = Debug|Any CPU
		{AC59E8AB-6A22-4B7F-B8A7-FC3257B9E1CD}.Debug|x86.Build.0 = Debug|Any CPU
		{AC59E8AB-6A22-4B7F-B8A7-FC3257B9E1CD}.Debug|x86.Deploy.0 = Debug|Any CPU
		{AC59E8AB-6A22-4B7F-B8A7-FC3257B9E1CD}.Release|Any CPU.ActiveCfg = Release|Any CPU
		{AC59E8AB-6A22-4B7F-B8A7-FC3257B9E1CD}.Release|Any CPU.Build.0 = Release|Any CPU
		{AC59E8AB-6A22-4B7F-B8A7-FC3257B9E1CD}.Release|Any CPU.Deploy.0 = Release|Any CPU
		{AC59E8AB-6A22-4B7F-B8A7-FC3257B9E1CD}.Release|ARM.ActiveCfg = Release|Any CPU
		{AC59E8AB-6A22-4B7F-B8A7-FC3257B9E1CD}.Release|ARM.Build.0 = Release|Any CPU
		{AC59E8AB-6A22-4B7F-B8A7-FC3257B9E1CD}.Release|ARM.Deploy.0 = Release|Any CPU
		{AC59E8AB-6A22-4B7F-B8A7-FC3257B9E1CD}.Release|iPhone.ActiveCfg = Release|Any CPU
		{AC59E8AB-6A22-4B7F-B8A7-FC3257B9E1CD}.Release|iPhone.Build.0 = Release|Any CPU
		{AC59E8AB-6A22-4B7F-B8A7-FC3257B9E1CD}.Release|iPhone.Deploy.0 = Release|Any CPU
		{AC59E8AB-6A22-4B7F-B8A7-FC3257B9E1CD}.Release|iPhoneSimulator.ActiveCfg = Release|Any CPU
		{AC59E8AB-6A22-4B7F-B8A7-FC3257B9E1CD}.Release|iPhoneSimulator.Build.0 = Release|Any CPU
		{AC59E8AB-6A22-4B7F-B8A7-FC3257B9E1CD}.Release|iPhoneSimulator.Deploy.0 = Release|Any CPU
		{AC59E8AB-6A22-4B7F-B8A7-FC3257B9E1CD}.Release|x64.ActiveCfg = Release|Any CPU
		{AC59E8AB-6A22-4B7F-B8A7-FC3257B9E1CD}.Release|x64.Build.0 = Release|Any CPU
		{AC59E8AB-6A22-4B7F-B8A7-FC3257B9E1CD}.Release|x64.Deploy.0 = Release|Any CPU
		{AC59E8AB-6A22-4B7F-B8A7-FC3257B9E1CD}.Release|x86.ActiveCfg = Release|Any CPU
		{AC59E8AB-6A22-4B7F-B8A7-FC3257B9E1CD}.Release|x86.Build.0 = Release|Any CPU
		{AC59E8AB-6A22-4B7F-B8A7-FC3257B9E1CD}.Release|x86.Deploy.0 = Release|Any CPU
		{1F538C24-BC46-4D40-9193-C4B95A871B4F}.Debug|Any CPU.ActiveCfg = Debug|iPhone
		{1F538C24-BC46-4D40-9193-C4B95A871B4F}.Debug|Any CPU.Build.0 = Debug|iPhone
		{1F538C24-BC46-4D40-9193-C4B95A871B4F}.Debug|Any CPU.Deploy.0 = Debug|iPhone
		{1F538C24-BC46-4D40-9193-C4B95A871B4F}.Debug|ARM.ActiveCfg = Debug|iPhoneSimulator
		{1F538C24-BC46-4D40-9193-C4B95A871B4F}.Debug|ARM.Build.0 = Debug|iPhoneSimulator
		{1F538C24-BC46-4D40-9193-C4B95A871B4F}.Debug|ARM.Deploy.0 = Debug|iPhoneSimulator
		{1F538C24-BC46-4D40-9193-C4B95A871B4F}.Debug|iPhone.ActiveCfg = Debug|iPhone
		{1F538C24-BC46-4D40-9193-C4B95A871B4F}.Debug|iPhone.Build.0 = Debug|iPhone
		{1F538C24-BC46-4D40-9193-C4B95A871B4F}.Debug|iPhone.Deploy.0 = Debug|iPhone
		{1F538C24-BC46-4D40-9193-C4B95A871B4F}.Debug|iPhoneSimulator.ActiveCfg = Debug|iPhoneSimulator
		{1F538C24-BC46-4D40-9193-C4B95A871B4F}.Debug|iPhoneSimulator.Build.0 = Debug|iPhoneSimulator
		{1F538C24-BC46-4D40-9193-C4B95A871B4F}.Debug|iPhoneSimulator.Deploy.0 = Debug|iPhoneSimulator
		{1F538C24-BC46-4D40-9193-C4B95A871B4F}.Debug|x64.ActiveCfg = Debug|iPhone
		{1F538C24-BC46-4D40-9193-C4B95A871B4F}.Debug|x64.Build.0 = Debug|iPhone
		{1F538C24-BC46-4D40-9193-C4B95A871B4F}.Debug|x64.Deploy.0 = Debug|iPhone
		{1F538C24-BC46-4D40-9193-C4B95A871B4F}.Debug|x86.ActiveCfg = Debug|iPhone
		{1F538C24-BC46-4D40-9193-C4B95A871B4F}.Debug|x86.Build.0 = Debug|iPhone
		{1F538C24-BC46-4D40-9193-C4B95A871B4F}.Debug|x86.Deploy.0 = Debug|iPhone
		{1F538C24-BC46-4D40-9193-C4B95A871B4F}.Release|Any CPU.ActiveCfg = Release|iPhone
		{1F538C24-BC46-4D40-9193-C4B95A871B4F}.Release|Any CPU.Build.0 = Release|iPhone
		{1F538C24-BC46-4D40-9193-C4B95A871B4F}.Release|Any CPU.Deploy.0 = Release|iPhone
		{1F538C24-BC46-4D40-9193-C4B95A871B4F}.Release|ARM.ActiveCfg = Release|iPhone
		{1F538C24-BC46-4D40-9193-C4B95A871B4F}.Release|ARM.Build.0 = Release|iPhone
		{1F538C24-BC46-4D40-9193-C4B95A871B4F}.Release|ARM.Deploy.0 = Release|iPhone
		{1F538C24-BC46-4D40-9193-C4B95A871B4F}.Release|iPhone.ActiveCfg = Release|iPhone
		{1F538C24-BC46-4D40-9193-C4B95A871B4F}.Release|iPhone.Build.0 = Release|iPhone
		{1F538C24-BC46-4D40-9193-C4B95A871B4F}.Release|iPhone.Deploy.0 = Release|iPhone
		{1F538C24-BC46-4D40-9193-C4B95A871B4F}.Release|iPhoneSimulator.ActiveCfg = Release|iPhoneSimulator
		{1F538C24-BC46-4D40-9193-C4B95A871B4F}.Release|iPhoneSimulator.Build.0 = Release|iPhoneSimulator
		{1F538C24-BC46-4D40-9193-C4B95A871B4F}.Release|iPhoneSimulator.Deploy.0 = Release|iPhoneSimulator
		{1F538C24-BC46-4D40-9193-C4B95A871B4F}.Release|x64.ActiveCfg = Release|iPhone
		{1F538C24-BC46-4D40-9193-C4B95A871B4F}.Release|x64.Build.0 = Release|iPhone
		{1F538C24-BC46-4D40-9193-C4B95A871B4F}.Release|x64.Deploy.0 = Release|iPhone
		{1F538C24-BC46-4D40-9193-C4B95A871B4F}.Release|x86.ActiveCfg = Release|iPhone
		{1F538C24-BC46-4D40-9193-C4B95A871B4F}.Release|x86.Build.0 = Release|iPhone
		{1F538C24-BC46-4D40-9193-C4B95A871B4F}.Release|x86.Deploy.0 = Release|iPhone
		{D332C987-844F-4A2C-89D8-7A6C94EE2B40}.Debug|Any CPU.ActiveCfg = Debug|Any CPU
		{D332C987-844F-4A2C-89D8-7A6C94EE2B40}.Debug|Any CPU.Build.0 = Debug|Any CPU
		{D332C987-844F-4A2C-89D8-7A6C94EE2B40}.Debug|Any CPU.Deploy.0 = Debug|Any CPU
		{D332C987-844F-4A2C-89D8-7A6C94EE2B40}.Debug|ARM.ActiveCfg = Debug|Any CPU
		{D332C987-844F-4A2C-89D8-7A6C94EE2B40}.Debug|ARM.Build.0 = Debug|Any CPU
		{D332C987-844F-4A2C-89D8-7A6C94EE2B40}.Debug|ARM.Deploy.0 = Debug|Any CPU
		{D332C987-844F-4A2C-89D8-7A6C94EE2B40}.Debug|iPhone.ActiveCfg = Debug|Any CPU
		{D332C987-844F-4A2C-89D8-7A6C94EE2B40}.Debug|iPhone.Build.0 = Debug|Any CPU
		{D332C987-844F-4A2C-89D8-7A6C94EE2B40}.Debug|iPhone.Deploy.0 = Debug|Any CPU
		{D332C987-844F-4A2C-89D8-7A6C94EE2B40}.Debug|iPhoneSimulator.ActiveCfg = Debug|Any CPU
		{D332C987-844F-4A2C-89D8-7A6C94EE2B40}.Debug|iPhoneSimulator.Build.0 = Debug|Any CPU
		{D332C987-844F-4A2C-89D8-7A6C94EE2B40}.Debug|iPhoneSimulator.Deploy.0 = Debug|Any CPU
		{D332C987-844F-4A2C-89D8-7A6C94EE2B40}.Debug|x64.ActiveCfg = Debug|Any CPU
		{D332C987-844F-4A2C-89D8-7A6C94EE2B40}.Debug|x64.Build.0 = Debug|Any CPU
		{D332C987-844F-4A2C-89D8-7A6C94EE2B40}.Debug|x64.Deploy.0 = Debug|Any CPU
		{D332C987-844F-4A2C-89D8-7A6C94EE2B40}.Debug|x86.ActiveCfg = Debug|Any CPU
		{D332C987-844F-4A2C-89D8-7A6C94EE2B40}.Debug|x86.Build.0 = Debug|Any CPU
		{D332C987-844F-4A2C-89D8-7A6C94EE2B40}.Debug|x86.Deploy.0 = Debug|Any CPU
		{D332C987-844F-4A2C-89D8-7A6C94EE2B40}.Release|Any CPU.ActiveCfg = Release|Any CPU
		{D332C987-844F-4A2C-89D8-7A6C94EE2B40}.Release|Any CPU.Build.0 = Release|Any CPU
		{D332C987-844F-4A2C-89D8-7A6C94EE2B40}.Release|Any CPU.Deploy.0 = Release|Any CPU
		{D332C987-844F-4A2C-89D8-7A6C94EE2B40}.Release|ARM.ActiveCfg = Release|Any CPU
		{D332C987-844F-4A2C-89D8-7A6C94EE2B40}.Release|ARM.Build.0 = Release|Any CPU
		{D332C987-844F-4A2C-89D8-7A6C94EE2B40}.Release|ARM.Deploy.0 = Release|Any CPU
		{D332C987-844F-4A2C-89D8-7A6C94EE2B40}.Release|iPhone.ActiveCfg = Release|Any CPU
		{D332C987-844F-4A2C-89D8-7A6C94EE2B40}.Release|iPhone.Build.0 = Release|Any CPU
		{D332C987-844F-4A2C-89D8-7A6C94EE2B40}.Release|iPhone.Deploy.0 = Release|Any CPU
		{D332C987-844F-4A2C-89D8-7A6C94EE2B40}.Release|iPhoneSimulator.ActiveCfg = Release|Any CPU
		{D332C987-844F-4A2C-89D8-7A6C94EE2B40}.Release|iPhoneSimulator.Build.0 = Release|Any CPU
		{D332C987-844F-4A2C-89D8-7A6C94EE2B40}.Release|iPhoneSimulator.Deploy.0 = Release|Any CPU
		{D332C987-844F-4A2C-89D8-7A6C94EE2B40}.Release|x64.ActiveCfg = Release|Any CPU
		{D332C987-844F-4A2C-89D8-7A6C94EE2B40}.Release|x64.Build.0 = Release|Any CPU
		{D332C987-844F-4A2C-89D8-7A6C94EE2B40}.Release|x64.Deploy.0 = Release|Any CPU
		{D332C987-844F-4A2C-89D8-7A6C94EE2B40}.Release|x86.ActiveCfg = Release|Any CPU
		{D332C987-844F-4A2C-89D8-7A6C94EE2B40}.Release|x86.Build.0 = Release|Any CPU
		{D332C987-844F-4A2C-89D8-7A6C94EE2B40}.Release|x86.Deploy.0 = Release|Any CPU
	EndGlobalSection
	GlobalSection(SolutionProperties) = preSolution
		HideSolutionNode = FALSE
	EndGlobalSection
	GlobalSection(ExtensibilityGlobals) = postSolution
		SolutionGuid = {B1B24405-862E-40B3-A3E2-9FDA494D0577}
	EndGlobalSection
EndGlobal
