
Microsoft Visual Studio Solution File, Format Version 12.00
# Visual Studio Version 16
VisualStudioVersion = 16.0.29728.190
MinimumVisualStudioVersion = 10.0.40219.1
Project("{FAE04EC0-301F-11D3-BF4B-00C04F79EFBC}") = "Listas.UWP", "Listas\Listas.UWP\Listas.UWP.csproj", "{2AAF8155-DE9B-4BC9-A731-B6BDF5A74DFA}"
EndProject
Project("{FAE04EC0-301F-11D3-BF4B-00C04F79EFBC}") = "Listas.Android", "Listas\Listas.Android\Listas.Android.csproj", "{C31EE117-9676-4042-ACC1-612BD4F7560F}"
EndProject
Project("{FAE04EC0-301F-11D3-BF4B-00C04F79EFBC}") = "Listas.iOS", "Listas\Listas.iOS\Listas.iOS.csproj", "{8DEA723E-8A69-4E2B-A5A9-6D15258A64A2}"
EndProject
Project("{FAE04EC0-301F-11D3-BF4B-00C04F79EFBC}") = "Listas", "Listas\Listas\Listas.csproj", "{208D9270-A5E7-4272-A4D0-66016F2671FF}"
EndProject
Global
	GlobalSection(SolutionConfigurationPlatforms) = preSolution
		Debug|Any CPU = Debug|Any CPU
		Debug|ARM = Debug|ARM
		Debug|iPhone = Debug|iPhone
		Debug|iPhoneSimulator = Debug|iPhoneSimulator
		Debug|x64 = Debug|x64
		Debug|x86 = Debug|x86
		Release|Any CPU = Release|Any CPU
		Release|ARM = Release|ARM
		Release|iPhone = Release|iPhone
		Release|iPhoneSimulator = Release|iPhoneSimulator
		Release|x64 = Release|x64
		Release|x86 = Release|x86
	EndGlobalSection
	GlobalSection(ProjectConfigurationPlatforms) = postSolution
		{2AAF8155-DE9B-4BC9-A731-B6BDF5A74DFA}.Debug|Any CPU.ActiveCfg = Debug|x86
		{2AAF8155-DE9B-4BC9-A731-B6BDF5A74DFA}.Debug|Any CPU.Build.0 = Debug|x86
		{2AAF8155-DE9B-4BC9-A731-B6BDF5A74DFA}.Debug|Any CPU.Deploy.0 = Debug|x86
		{2AAF8155-DE9B-4BC9-A731-B6BDF5A74DFA}.Debug|ARM.ActiveCfg = Debug|ARM
		{2AAF8155-DE9B-4BC9-A731-B6BDF5A74DFA}.Debug|ARM.Build.0 = Debug|ARM
		{2AAF8155-DE9B-4BC9-A731-B6BDF5A74DFA}.Debug|ARM.Deploy.0 = Debug|ARM
		{2AAF8155-DE9B-4BC9-A731-B6BDF5A74DFA}.Debug|iPhone.ActiveCfg = Debug|x86
		{2AAF8155-DE9B-4BC9-A731-B6BDF5A74DFA}.Debug|iPhone.Build.0 = Debug|x86
		{2AAF8155-DE9B-4BC9-A731-B6BDF5A74DFA}.Debug|iPhone.Deploy.0 = Debug|x86
		{2AAF8155-DE9B-4BC9-A731-B6BDF5A74DFA}.Debug|iPhoneSimulator.ActiveCfg = Debug|x86
		{2AAF8155-DE9B-4BC9-A731-B6BDF5A74DFA}.Debug|iPhoneSimulator.Build.0 = Debug|x86
		{2AAF8155-DE9B-4BC9-A731-B6BDF5A74DFA}.Debug|iPhoneSimulator.Deploy.0 = Debug|x86
		{2AAF8155-DE9B-4BC9-A731-B6BDF5A74DFA}.Debug|x64.ActiveCfg = Debug|x64
		{2AAF8155-DE9B-4BC9-A731-B6BDF5A74DFA}.Debug|x64.Build.0 = Debug|x64
		{2AAF8155-DE9B-4BC9-A731-B6BDF5A74DFA}.Debug|x64.Deploy.0 = Debug|x64
		{2AAF8155-DE9B-4BC9-A731-B6BDF5A74DFA}.Debug|x86.ActiveCfg = Debug|x86
		{2AAF8155-DE9B-4BC9-A731-B6BDF5A74DFA}.Debug|x86.Build.0 = Debug|x86
		{2AAF8155-DE9B-4BC9-A731-B6BDF5A74DFA}.Debug|x86.Deploy.0 = Debug|x86
		{2AAF8155-DE9B-4BC9-A731-B6BDF5A74DFA}.Release|Any CPU.ActiveCfg = Release|x86
		{2AAF8155-DE9B-4BC9-A731-B6BDF5A74DFA}.Release|Any CPU.Build.0 = Release|x86
		{2AAF8155-DE9B-4BC9-A731-B6BDF5A74DFA}.Release|Any CPU.Deploy.0 = Release|x86
		{2AAF8155-DE9B-4BC9-A731-B6BDF5A74DFA}.Release|ARM.ActiveCfg = Release|ARM
		{2AAF8155-DE9B-4BC9-A731-B6BDF5A74DFA}.Release|ARM.Build.0 = Release|ARM
		{2AAF8155-DE9B-4BC9-A731-B6BDF5A74DFA}.Release|ARM.Deploy.0 = Release|ARM
		{2AAF8155-DE9B-4BC9-A731-B6BDF5A74DFA}.Release|iPhone.ActiveCfg = Release|x86
		{2AAF8155-DE9B-4BC9-A731-B6BDF5A74DFA}.Release|iPhone.Build.0 = Release|x86
		{2AAF8155-DE9B-4BC9-A731-B6BDF5A74DFA}.Release|iPhone.Deploy.0 = Release|x86
		{2AAF8155-DE9B-4BC9-A731-B6BDF5A74DFA}.Release|iPhoneSimulator.ActiveCfg = Release|x86
		{2AAF8155-DE9B-4BC9-A731-B6BDF5A74DFA}.Release|iPhoneSimulator.Build.0 = Release|x86
		{2AAF8155-DE9B-4BC9-A731-B6BDF5A74DFA}.Release|iPhoneSimulator.Deploy.0 = Release|x86
		{2AAF8155-DE9B-4BC9-A731-B6BDF5A74DFA}.Release|x64.ActiveCfg = Release|x64
		{2AAF8155-DE9B-4BC9-A731-B6BDF5A74DFA}.Release|x64.Build.0 = Release|x64
		{2AAF8155-DE9B-4BC9-A731-B6BDF5A74DFA}.Release|x64.Deploy.0 = Release|x64
		{2AAF8155-DE9B-4BC9-A731-B6BDF5A74DFA}.Release|x86.ActiveCfg = Release|x86
		{2AAF8155-DE9B-4BC9-A731-B6BDF5A74DFA}.Release|x86.Build.0 = Release|x86
		{2AAF8155-DE9B-4BC9-A731-B6BDF5A74DFA}.Release|x86.Deploy.0 = Release|x86
		{C31EE117-9676-4042-ACC1-612BD4F7560F}.Debug|Any CPU.ActiveCfg = Debug|Any CPU
		{C31EE117-9676-4042-ACC1-612BD4F7560F}.Debug|Any CPU.Build.0 = Debug|Any CPU
		{C31EE117-9676-4042-ACC1-612BD4F7560F}.Debug|Any CPU.Deploy.0 = Debug|Any CPU
		{C31EE117-9676-4042-ACC1-612BD4F7560F}.Debug|ARM.ActiveCfg = Debug|Any CPU
		{C31EE117-9676-4042-ACC1-612BD4F7560F}.Debug|ARM.Build.0 = Debug|Any CPU
		{C31EE117-9676-4042-ACC1-612BD4F7560F}.Debug|ARM.Deploy.0 = Debug|Any CPU
		{C31EE117-9676-4042-ACC1-612BD4F7560F}.Debug|iPhone.ActiveCfg = Debug|Any CPU
		{C31EE117-9676-4042-ACC1-612BD4F7560F}.Debug|iPhone.Build.0 = Debug|Any CPU
		{C31EE117-9676-4042-ACC1-612BD4F7560F}.Debug|iPhone.Deploy.0 = Debug|Any CPU
		{C31EE117-9676-4042-ACC1-612BD4F7560F}.Debug|iPhoneSimulator.ActiveCfg = Debug|Any CPU
		{C31EE117-9676-4042-ACC1-612BD4F7560F}.Debug|iPhoneSimulator.Build.0 = Debug|Any CPU
		{C31EE117-9676-4042-ACC1-612BD4F7560F}.Debug|iPhoneSimulator.Deploy.0 = Debug|Any CPU
		{C31EE117-9676-4042-ACC1-612BD4F7560F}.Debug|x64.ActiveCfg = Debug|Any CPU
		{C31EE117-9676-4042-ACC1-612BD4F7560F}.Debug|x64.Build.0 = Debug|Any CPU
		{C31EE117-9676-4042-ACC1-612BD4F7560F}.Debug|x64.Deploy.0 = Debug|Any CPU
		{C31EE117-9676-4042-ACC1-612BD4F7560F}.Debug|x86.ActiveCfg = Debug|Any CPU
		{C31EE117-9676-4042-ACC1-612BD4F7560F}.Debug|x86.Build.0 = Debug|Any CPU
		{C31EE117-9676-4042-ACC1-612BD4F7560F}.Debug|x86.Deploy.0 = Debug|Any CPU
		{C31EE117-9676-4042-ACC1-612BD4F7560F}.Release|Any CPU.ActiveCfg = Release|Any CPU
		{C31EE117-9676-4042-ACC1-612BD4F7560F}.Release|Any CPU.Build.0 = Release|Any CPU
		{C31EE117-9676-4042-ACC1-612BD4F7560F}.Release|Any CPU.Deploy.0 = Release|Any CPU
		{C31EE117-9676-4042-ACC1-612BD4F7560F}.Release|ARM.ActiveCfg = Release|Any CPU
		{C31EE117-9676-4042-ACC1-612BD4F7560F}.Release|ARM.Build.0 = Release|Any CPU
		{C31EE117-9676-4042-ACC1-612BD4F7560F}.Release|ARM.Deploy.0 = Release|Any CPU
		{C31EE117-9676-4042-ACC1-612BD4F7560F}.Release|iPhone.ActiveCfg = Release|Any CPU
		{C31EE117-9676-4042-ACC1-612BD4F7560F}.Release|iPhone.Build.0 = Release|Any CPU
		{C31EE117-9676-4042-ACC1-612BD4F7560F}.Release|iPhone.Deploy.0 = Release|Any CPU
		{C31EE117-9676-4042-ACC1-612BD4F7560F}.Release|iPhoneSimulator.ActiveCfg = Release|Any CPU
		{C31EE117-9676-4042-ACC1-612BD4F7560F}.Release|iPhoneSimulator.Build.0 = Release|Any CPU
		{C31EE117-9676-4042-ACC1-612BD4F7560F}.Release|iPhoneSimulator.Deploy.0 = Release|Any CPU
		{C31EE117-9676-4042-ACC1-612BD4F7560F}.Release|x64.ActiveCfg = Release|Any CPU
		{C31EE117-9676-4042-ACC1-612BD4F7560F}.Release|x64.Build.0 = Release|Any CPU
		{C31EE117-9676-4042-ACC1-612BD4F7560F}.Release|x64.Deploy.0 = Release|Any CPU
		{C31EE117-9676-4042-ACC1-612BD4F7560F}.Release|x86.ActiveCfg = Release|Any CPU
		{C31EE117-9676-4042-ACC1-612BD4F7560F}.Release|x86.Build.0 = Release|Any CPU
		{C31EE117-9676-4042-ACC1-612BD4F7560F}.Release|x86.Deploy.0 = Release|Any CPU
		{8DEA723E-8A69-4E2B-A5A9-6D15258A64A2}.Debug|Any CPU.ActiveCfg = Debug|iPhone
		{8DEA723E-8A69-4E2B-A5A9-6D15258A64A2}.Debug|Any CPU.Build.0 = Debug|iPhone
		{8DEA723E-8A69-4E2B-A5A9-6D15258A64A2}.Debug|Any CPU.Deploy.0 = Debug|iPhone
		{8DEA723E-8A69-4E2B-A5A9-6D15258A64A2}.Debug|ARM.ActiveCfg = Debug|iPhoneSimulator
		{8DEA723E-8A69-4E2B-A5A9-6D15258A64A2}.Debug|ARM.Build.0 = Debug|iPhoneSimulator
		{8DEA723E-8A69-4E2B-A5A9-6D15258A64A2}.Debug|ARM.Deploy.0 = Debug|iPhoneSimulator
		{8DEA723E-8A69-4E2B-A5A9-6D15258A64A2}.Debug|iPhone.ActiveCfg = Debug|iPhone
		{8DEA723E-8A69-4E2B-A5A9-6D15258A64A2}.Debug|iPhone.Build.0 = Debug|iPhone
		{8DEA723E-8A69-4E2B-A5A9-6D15258A64A2}.Debug|iPhone.Deploy.0 = Debug|iPhone
		{8DEA723E-8A69-4E2B-A5A9-6D15258A64A2}.Debug|iPhoneSimulator.ActiveCfg = Debug|iPhoneSimulator
		{8DEA723E-8A69-4E2B-A5A9-6D15258A64A2}.Debug|iPhoneSimulator.Build.0 = Debug|iPhoneSimulator
		{8DEA723E-8A69-4E2B-A5A9-6D15258A64A2}.Debug|iPhoneSimulator.Deploy.0 = Debug|iPhoneSimulator
		{8DEA723E-8A69-4E2B-A5A9-6D15258A64A2}.Debug|x64.ActiveCfg = Debug|iPhone
		{8DEA723E-8A69-4E2B-A5A9-6D15258A64A2}.Debug|x64.Build.0 = Debug|iPhone
		{8DEA723E-8A69-4E2B-A5A9-6D15258A64A2}.Debug|x64.Deploy.0 = Debug|iPhone
		{8DEA723E-8A69-4E2B-A5A9-6D15258A64A2}.Debug|x86.ActiveCfg = Debug|iPhone
		{8DEA723E-8A69-4E2B-A5A9-6D15258A64A2}.Debug|x86.Build.0 = Debug|iPhone
		{8DEA723E-8A69-4E2B-A5A9-6D15258A64A2}.Debug|x86.Deploy.0 = Debug|iPhone
		{8DEA723E-8A69-4E2B-A5A9-6D15258A64A2}.Release|Any CPU.ActiveCfg = Release|iPhone
		{8DEA723E-8A69-4E2B-A5A9-6D15258A64A2}.Release|Any CPU.Build.0 = Release|iPhone
		{8DEA723E-8A69-4E2B-A5A9-6D15258A64A2}.Release|Any CPU.Deploy.0 = Release|iPhone
		{8DEA723E-8A69-4E2B-A5A9-6D15258A64A2}.Release|ARM.ActiveCfg = Release|iPhone
		{8DEA723E-8A69-4E2B-A5A9-6D15258A64A2}.Release|ARM.Build.0 = Release|iPhone
		{8DEA723E-8A69-4E2B-A5A9-6D15258A64A2}.Release|ARM.Deploy.0 = Release|iPhone
		{8DEA723E-8A69-4E2B-A5A9-6D15258A64A2}.Release|iPhone.ActiveCfg = Release|iPhone
		{8DEA723E-8A69-4E2B-A5A9-6D15258A64A2}.Release|iPhone.Build.0 = Release|iPhone
		{8DEA723E-8A69-4E2B-A5A9-6D15258A64A2}.Release|iPhone.Deploy.0 = Release|iPhone
		{8DEA723E-8A69-4E2B-A5A9-6D15258A64A2}.Release|iPhoneSimulator.ActiveCfg = Release|iPhoneSimulator
		{8DEA723E-8A69-4E2B-A5A9-6D15258A64A2}.Release|iPhoneSimulator.Build.0 = Release|iPhoneSimulator
		{8DEA723E-8A69-4E2B-A5A9-6D15258A64A2}.Release|iPhoneSimulator.Deploy.0 = Release|iPhoneSimulator
		{8DEA723E-8A69-4E2B-A5A9-6D15258A64A2}.Release|x64.ActiveCfg = Release|iPhone
		{8DEA723E-8A69-4E2B-A5A9-6D15258A64A2}.Release|x64.Build.0 = Release|iPhone
		{8DEA723E-8A69-4E2B-A5A9-6D15258A64A2}.Release|x64.Deploy.0 = Release|iPhone
		{8DEA723E-8A69-4E2B-A5A9-6D15258A64A2}.Release|x86.ActiveCfg = Release|iPhone
		{8DEA723E-8A69-4E2B-A5A9-6D15258A64A2}.Release|x86.Build.0 = Release|iPhone
		{8DEA723E-8A69-4E2B-A5A9-6D15258A64A2}.Release|x86.Deploy.0 = Release|iPhone
		{208D9270-A5E7-4272-A4D0-66016F2671FF}.Debug|Any CPU.ActiveCfg = Debug|Any CPU
		{208D9270-A5E7-4272-A4D0-66016F2671FF}.Debug|Any CPU.Build.0 = Debug|Any CPU
		{208D9270-A5E7-4272-A4D0-66016F2671FF}.Debug|Any CPU.Deploy.0 = Debug|Any CPU
		{208D9270-A5E7-4272-A4D0-66016F2671FF}.Debug|ARM.ActiveCfg = Debug|Any CPU
		{208D9270-A5E7-4272-A4D0-66016F2671FF}.Debug|ARM.Build.0 = Debug|Any CPU
		{208D9270-A5E7-4272-A4D0-66016F2671FF}.Debug|ARM.Deploy.0 = Debug|Any CPU
		{208D9270-A5E7-4272-A4D0-66016F2671FF}.Debug|iPhone.ActiveCfg = Debug|Any CPU
		{208D9270-A5E7-4272-A4D0-66016F2671FF}.Debug|iPhone.Build.0 = Debug|Any CPU
		{208D9270-A5E7-4272-A4D0-66016F2671FF}.Debug|iPhone.Deploy.0 = Debug|Any CPU
		{208D9270-A5E7-4272-A4D0-66016F2671FF}.Debug|iPhoneSimulator.ActiveCfg = Debug|Any CPU
		{208D9270-A5E7-4272-A4D0-66016F2671FF}.Debug|iPhoneSimulator.Build.0 = Debug|Any CPU
		{208D9270-A5E7-4272-A4D0-66016F2671FF}.Debug|iPhoneSimulator.Deploy.0 = Debug|Any CPU
		{208D9270-A5E7-4272-A4D0-66016F2671FF}.Debug|x64.ActiveCfg = Debug|Any CPU
		{208D9270-A5E7-4272-A4D0-66016F2671FF}.Debug|x64.Build.0 = Debug|Any CPU
		{208D9270-A5E7-4272-A4D0-66016F2671FF}.Debug|x64.Deploy.0 = Debug|Any CPU
		{208D9270-A5E7-4272-A4D0-66016F2671FF}.Debug|x86.ActiveCfg = Debug|Any CPU
		{208D9270-A5E7-4272-A4D0-66016F2671FF}.Debug|x86.Build.0 = Debug|Any CPU
		{208D9270-A5E7-4272-A4D0-66016F2671FF}.Debug|x86.Deploy.0 = Debug|Any CPU
		{208D9270-A5E7-4272-A4D0-66016F2671FF}.Release|Any CPU.ActiveCfg = Release|Any CPU
		{208D9270-A5E7-4272-A4D0-66016F2671FF}.Release|Any CPU.Build.0 = Release|Any CPU
		{208D9270-A5E7-4272-A4D0-66016F2671FF}.Release|Any CPU.Deploy.0 = Release|Any CPU
		{208D9270-A5E7-4272-A4D0-66016F2671FF}.Release|ARM.ActiveCfg = Release|Any CPU
		{208D9270-A5E7-4272-A4D0-66016F2671FF}.Release|ARM.Build.0 = Release|Any CPU
		{208D9270-A5E7-4272-A4D0-66016F2671FF}.Release|ARM.Deploy.0 = Release|Any CPU
		{208D9270-A5E7-4272-A4D0-66016F2671FF}.Release|iPhone.ActiveCfg = Release|Any CPU
		{208D9270-A5E7-4272-A4D0-66016F2671FF}.Release|iPhone.Build.0 = Release|Any CPU
		{208D9270-A5E7-4272-A4D0-66016F2671FF}.Release|iPhone.Deploy.0 = Release|Any CPU
		{208D9270-A5E7-4272-A4D0-66016F2671FF}.Release|iPhoneSimulator.ActiveCfg = Release|Any CPU
		{208D9270-A5E7-4272-A4D0-66016F2671FF}.Release|iPhoneSimulator.Build.0 = Release|Any CPU
		{208D9270-A5E7-4272-A4D0-66016F2671FF}.Release|iPhoneSimulator.Deploy.0 = Release|Any CPU
		{208D9270-A5E7-4272-A4D0-66016F2671FF}.Release|x64.ActiveCfg = Release|Any CPU
		{208D9270-A5E7-4272-A4D0-66016F2671FF}.Release|x64.Build.0 = Release|Any CPU
		{208D9270-A5E7-4272-A4D0-66016F2671FF}.Release|x64.Deploy.0 = Release|Any CPU
		{208D9270-A5E7-4272-A4D0-66016F2671FF}.Release|x86.ActiveCfg = Release|Any CPU
		{208D9270-A5E7-4272-A4D0-66016F2671FF}.Release|x86.Build.0 = Release|Any CPU
		{208D9270-A5E7-4272-A4D0-66016F2671FF}.Release|x86.Deploy.0 = Release|Any CPU
	EndGlobalSection
	GlobalSection(SolutionProperties) = preSolution
		HideSolutionNode = FALSE
	EndGlobalSection
	GlobalSection(ExtensibilityGlobals) = postSolution
		SolutionGuid = {36911CAE-DE4F-4DF5-A58C-F7E8EC018193}
	EndGlobalSection
EndGlobal
