
Microsoft Visual Studio Solution File, Format Version 12.00
# Visual Studio Version 16
VisualStudioVersion = 16.0.29926.136
MinimumVisualStudioVersion = 10.0.40219.1
Project("{FAE04EC0-301F-11D3-BF4B-00C04F79EFBC}") = "WebServiceTutorial.UWP", "WebServiceTutorial\WebServiceTutorial.UWP\WebServiceTutorial.UWP.csproj", "{189ACF0C-CC42-40B4-BA02-65C9159AE04B}"
EndProject
Project("{FAE04EC0-301F-11D3-BF4B-00C04F79EFBC}") = "WebServiceTutorial.Android", "WebServiceTutorial\WebServiceTutorial.Android\WebServiceTutorial.Android.csproj", "{94C4FE73-1D1C-41FF-A3BB-675E3C45223D}"
EndProject
Project("{FAE04EC0-301F-11D3-BF4B-00C04F79EFBC}") = "WebServiceTutorial.iOS", "WebServiceTutorial\WebServiceTutorial.iOS\WebServiceTutorial.iOS.csproj", "{468C6B3D-9967-4D03-A7A1-169B62431F84}"
EndProject
Project("{FAE04EC0-301F-11D3-BF4B-00C04F79EFBC}") = "WebServiceTutorial", "WebServiceTutorial\WebServiceTutorial\WebServiceTutorial.csproj", "{BE5EA942-15BE-4783-94FC-1E727EFD677D}"
EndProject
Global
	GlobalSection(SolutionConfigurationPlatforms) = preSolution
		Debug|Any CPU = Debug|Any CPU
		Debug|ARM = Debug|ARM
		Debug|iPhone = Debug|iPhone
		Debug|iPhoneSimulator = Debug|iPhoneSimulator
		Debug|x64 = Debug|x64
		Debug|x86 = Debug|x86
		Release|Any CPU = Release|Any CPU
		Release|ARM = Release|ARM
		Release|iPhone = Release|iPhone
		Release|iPhoneSimulator = Release|iPhoneSimulator
		Release|x64 = Release|x64
		Release|x86 = Release|x86
	EndGlobalSection
	GlobalSection(ProjectConfigurationPlatforms) = postSolution
		{189ACF0C-CC42-40B4-BA02-65C9159AE04B}.Debug|Any CPU.ActiveCfg = Debug|x86
		{189ACF0C-CC42-40B4-BA02-65C9159AE04B}.Debug|Any CPU.Build.0 = Debug|x86
		{189ACF0C-CC42-40B4-BA02-65C9159AE04B}.Debug|Any CPU.Deploy.0 = Debug|x86
		{189ACF0C-CC42-40B4-BA02-65C9159AE04B}.Debug|ARM.ActiveCfg = Debug|ARM
		{189ACF0C-CC42-40B4-BA02-65C9159AE04B}.Debug|ARM.Build.0 = Debug|ARM
		{189ACF0C-CC42-40B4-BA02-65C9159AE04B}.Debug|ARM.Deploy.0 = Debug|ARM
		{189ACF0C-CC42-40B4-BA02-65C9159AE04B}.Debug|iPhone.ActiveCfg = Debug|x86
		{189ACF0C-CC42-40B4-BA02-65C9159AE04B}.Debug|iPhone.Build.0 = Debug|x86
		{189ACF0C-CC42-40B4-BA02-65C9159AE04B}.Debug|iPhone.Deploy.0 = Debug|x86
		{189ACF0C-CC42-40B4-BA02-65C9159AE04B}.Debug|iPhoneSimulator.ActiveCfg = Debug|x86
		{189ACF0C-CC42-40B4-BA02-65C9159AE04B}.Debug|iPhoneSimulator.Build.0 = Debug|x86
		{189ACF0C-CC42-40B4-BA02-65C9159AE04B}.Debug|iPhoneSimulator.Deploy.0 = Debug|x86
		{189ACF0C-CC42-40B4-BA02-65C9159AE04B}.Debug|x64.ActiveCfg = Debug|x64
		{189ACF0C-CC42-40B4-BA02-65C9159AE04B}.Debug|x64.Build.0 = Debug|x64
		{189ACF0C-CC42-40B4-BA02-65C9159AE04B}.Debug|x64.Deploy.0 = Debug|x64
		{189ACF0C-CC42-40B4-BA02-65C9159AE04B}.Debug|x86.ActiveCfg = Debug|x86
		{189ACF0C-CC42-40B4-BA02-65C9159AE04B}.Debug|x86.Build.0 = Debug|x86
		{189ACF0C-CC42-40B4-BA02-65C9159AE04B}.Debug|x86.Deploy.0 = Debug|x86
		{189ACF0C-CC42-40B4-BA02-65C9159AE04B}.Release|Any CPU.ActiveCfg = Release|x86
		{189ACF0C-CC42-40B4-BA02-65C9159AE04B}.Release|Any CPU.Build.0 = Release|x86
		{189ACF0C-CC42-40B4-BA02-65C9159AE04B}.Release|Any CPU.Deploy.0 = Release|x86
		{189ACF0C-CC42-40B4-BA02-65C9159AE04B}.Release|ARM.ActiveCfg = Release|ARM
		{189ACF0C-CC42-40B4-BA02-65C9159AE04B}.Release|ARM.Build.0 = Release|ARM
		{189ACF0C-CC42-40B4-BA02-65C9159AE04B}.Release|ARM.Deploy.0 = Release|ARM
		{189ACF0C-CC42-40B4-BA02-65C9159AE04B}.Release|iPhone.ActiveCfg = Release|x86
		{189ACF0C-CC42-40B4-BA02-65C9159AE04B}.Release|iPhone.Build.0 = Release|x86
		{189ACF0C-CC42-40B4-BA02-65C9159AE04B}.Release|iPhone.Deploy.0 = Release|x86
		{189ACF0C-CC42-40B4-BA02-65C9159AE04B}.Release|iPhoneSimulator.ActiveCfg = Release|x86
		{189ACF0C-CC42-40B4-BA02-65C9159AE04B}.Release|iPhoneSimulator.Build.0 = Release|x86
		{189ACF0C-CC42-40B4-BA02-65C9159AE04B}.Release|iPhoneSimulator.Deploy.0 = Release|x86
		{189ACF0C-CC42-40B4-BA02-65C9159AE04B}.Release|x64.ActiveCfg = Release|x64
		{189ACF0C-CC42-40B4-BA02-65C9159AE04B}.Release|x64.Build.0 = Release|x64
		{189ACF0C-CC42-40B4-BA02-65C9159AE04B}.Release|x64.Deploy.0 = Release|x64
		{189ACF0C-CC42-40B4-BA02-65C9159AE04B}.Release|x86.ActiveCfg = Release|x86
		{189ACF0C-CC42-40B4-BA02-65C9159AE04B}.Release|x86.Build.0 = Release|x86
		{189ACF0C-CC42-40B4-BA02-65C9159AE04B}.Release|x86.Deploy.0 = Release|x86
		{94C4FE73-1D1C-41FF-A3BB-675E3C45223D}.Debug|Any CPU.ActiveCfg = Debug|Any CPU
		{94C4FE73-1D1C-41FF-A3BB-675E3C45223D}.Debug|Any CPU.Build.0 = Debug|Any CPU
		{94C4FE73-1D1C-41FF-A3BB-675E3C45223D}.Debug|Any CPU.Deploy.0 = Debug|Any CPU
		{94C4FE73-1D1C-41FF-A3BB-675E3C45223D}.Debug|ARM.ActiveCfg = Debug|Any CPU
		{94C4FE73-1D1C-41FF-A3BB-675E3C45223D}.Debug|ARM.Build.0 = Debug|Any CPU
		{94C4FE73-1D1C-41FF-A3BB-675E3C45223D}.Debug|ARM.Deploy.0 = Debug|Any CPU
		{94C4FE73-1D1C-41FF-A3BB-675E3C45223D}.Debug|iPhone.ActiveCfg = Debug|Any CPU
		{94C4FE73-1D1C-41FF-A3BB-675E3C45223D}.Debug|iPhone.Build.0 = Debug|Any CPU
		{94C4FE73-1D1C-41FF-A3BB-675E3C45223D}.Debug|iPhone.Deploy.0 = Debug|Any CPU
		{94C4FE73-1D1C-41FF-A3BB-675E3C45223D}.Debug|iPhoneSimulator.ActiveCfg = Debug|Any CPU
		{94C4FE73-1D1C-41FF-A3BB-675E3C45223D}.Debug|iPhoneSimulator.Build.0 = Debug|Any CPU
		{94C4FE73-1D1C-41FF-A3BB-675E3C45223D}.Debug|iPhoneSimulator.Deploy.0 = Debug|Any CPU
		{94C4FE73-1D1C-41FF-A3BB-675E3C45223D}.Debug|x64.ActiveCfg = Debug|Any CPU
		{94C4FE73-1D1C-41FF-A3BB-675E3C45223D}.Debug|x64.Build.0 = Debug|Any CPU
		{94C4FE73-1D1C-41FF-A3BB-675E3C45223D}.Debug|x64.Deploy.0 = Debug|Any CPU
		{94C4FE73-1D1C-41FF-A3BB-675E3C45223D}.Debug|x86.ActiveCfg = Debug|Any CPU
		{94C4FE73-1D1C-41FF-A3BB-675E3C45223D}.Debug|x86.Build.0 = Debug|Any CPU
		{94C4FE73-1D1C-41FF-A3BB-675E3C45223D}.Debug|x86.Deploy.0 = Debug|Any CPU
		{94C4FE73-1D1C-41FF-A3BB-675E3C45223D}.Release|Any CPU.ActiveCfg = Release|Any CPU
		{94C4FE73-1D1C-41FF-A3BB-675E3C45223D}.Release|Any CPU.Build.0 = Release|Any CPU
		{94C4FE73-1D1C-41FF-A3BB-675E3C45223D}.Release|Any CPU.Deploy.0 = Release|Any CPU
		{94C4FE73-1D1C-41FF-A3BB-675E3C45223D}.Release|ARM.ActiveCfg = Release|Any CPU
		{94C4FE73-1D1C-41FF-A3BB-675E3C45223D}.Release|ARM.Build.0 = Release|Any CPU
		{94C4FE73-1D1C-41FF-A3BB-675E3C45223D}.Release|ARM.Deploy.0 = Release|Any CPU
		{94C4FE73-1D1C-41FF-A3BB-675E3C45223D}.Release|iPhone.ActiveCfg = Release|Any CPU
		{94C4FE73-1D1C-41FF-A3BB-675E3C45223D}.Release|iPhone.Build.0 = Release|Any CPU
		{94C4FE73-1D1C-41FF-A3BB-675E3C45223D}.Release|iPhone.Deploy.0 = Release|Any CPU
		{94C4FE73-1D1C-41FF-A3BB-675E3C45223D}.Release|iPhoneSimulator.ActiveCfg = Release|Any CPU
		{94C4FE73-1D1C-41FF-A3BB-675E3C45223D}.Release|iPhoneSimulator.Build.0 = Release|Any CPU
		{94C4FE73-1D1C-41FF-A3BB-675E3C45223D}.Release|iPhoneSimulator.Deploy.0 = Release|Any CPU
		{94C4FE73-1D1C-41FF-A3BB-675E3C45223D}.Release|x64.ActiveCfg = Release|Any CPU
		{94C4FE73-1D1C-41FF-A3BB-675E3C45223D}.Release|x64.Build.0 = Release|Any CPU
		{94C4FE73-1D1C-41FF-A3BB-675E3C45223D}.Release|x64.Deploy.0 = Release|Any CPU
		{94C4FE73-1D1C-41FF-A3BB-675E3C45223D}.Release|x86.ActiveCfg = Release|Any CPU
		{94C4FE73-1D1C-41FF-A3BB-675E3C45223D}.Release|x86.Build.0 = Release|Any CPU
		{94C4FE73-1D1C-41FF-A3BB-675E3C45223D}.Release|x86.Deploy.0 = Release|Any CPU
		{468C6B3D-9967-4D03-A7A1-169B62431F84}.Debug|Any CPU.ActiveCfg = Debug|iPhone
		{468C6B3D-9967-4D03-A7A1-169B62431F84}.Debug|Any CPU.Build.0 = Debug|iPhone
		{468C6B3D-9967-4D03-A7A1-169B62431F84}.Debug|Any CPU.Deploy.0 = Debug|iPhone
		{468C6B3D-9967-4D03-A7A1-169B62431F84}.Debug|ARM.ActiveCfg = Debug|iPhone
		{468C6B3D-9967-4D03-A7A1-169B62431F84}.Debug|ARM.Build.0 = Debug|iPhone
		{468C6B3D-9967-4D03-A7A1-169B62431F84}.Debug|ARM.Deploy.0 = Debug|iPhone
		{468C6B3D-9967-4D03-A7A1-169B62431F84}.Debug|iPhone.ActiveCfg = Debug|iPhone
		{468C6B3D-9967-4D03-A7A1-169B62431F84}.Debug|iPhone.Build.0 = Debug|iPhone
		{468C6B3D-9967-4D03-A7A1-169B62431F84}.Debug|iPhone.Deploy.0 = Debug|iPhone
		{468C6B3D-9967-4D03-A7A1-169B62431F84}.Debug|iPhoneSimulator.ActiveCfg = Debug|iPhoneSimulator
		{468C6B3D-9967-4D03-A7A1-169B62431F84}.Debug|iPhoneSimulator.Build.0 = Debug|iPhoneSimulator
		{468C6B3D-9967-4D03-A7A1-169B62431F84}.Debug|iPhoneSimulator.Deploy.0 = Debug|iPhoneSimulator
		{468C6B3D-9967-4D03-A7A1-169B62431F84}.Debug|x64.ActiveCfg = Debug|iPhone
		{468C6B3D-9967-4D03-A7A1-169B62431F84}.Debug|x64.Build.0 = Debug|iPhone
		{468C6B3D-9967-4D03-A7A1-169B62431F84}.Debug|x64.Deploy.0 = Debug|iPhone
		{468C6B3D-9967-4D03-A7A1-169B62431F84}.Debug|x86.ActiveCfg = Debug|iPhone
		{468C6B3D-9967-4D03-A7A1-169B62431F84}.Debug|x86.Build.0 = Debug|iPhone
		{468C6B3D-9967-4D03-A7A1-169B62431F84}.Debug|x86.Deploy.0 = Debug|iPhone
		{468C6B3D-9967-4D03-A7A1-169B62431F84}.Release|Any CPU.ActiveCfg = Release|iPhone
		{468C6B3D-9967-4D03-A7A1-169B62431F84}.Release|Any CPU.Build.0 = Release|iPhone
		{468C6B3D-9967-4D03-A7A1-169B62431F84}.Release|Any CPU.Deploy.0 = Release|iPhone
		{468C6B3D-9967-4D03-A7A1-169B62431F84}.Release|ARM.ActiveCfg = Release|iPhone
		{468C6B3D-9967-4D03-A7A1-169B62431F84}.Release|ARM.Build.0 = Release|iPhone
		{468C6B3D-9967-4D03-A7A1-169B62431F84}.Release|ARM.Deploy.0 = Release|iPhone
		{468C6B3D-9967-4D03-A7A1-169B62431F84}.Release|iPhone.ActiveCfg = Release|iPhone
		{468C6B3D-9967-4D03-A7A1-169B62431F84}.Release|iPhone.Build.0 = Release|iPhone
		{468C6B3D-9967-4D03-A7A1-169B62431F84}.Release|iPhone.Deploy.0 = Release|iPhone
		{468C6B3D-9967-4D03-A7A1-169B62431F84}.Release|iPhoneSimulator.ActiveCfg = Release|iPhoneSimulator
		{468C6B3D-9967-4D03-A7A1-169B62431F84}.Release|iPhoneSimulator.Build.0 = Release|iPhoneSimulator
		{468C6B3D-9967-4D03-A7A1-169B62431F84}.Release|iPhoneSimulator.Deploy.0 = Release|iPhoneSimulator
		{468C6B3D-9967-4D03-A7A1-169B62431F84}.Release|x64.ActiveCfg = Release|iPhone
		{468C6B3D-9967-4D03-A7A1-169B62431F84}.Release|x64.Build.0 = Release|iPhone
		{468C6B3D-9967-4D03-A7A1-169B62431F84}.Release|x64.Deploy.0 = Release|iPhone
		{468C6B3D-9967-4D03-A7A1-169B62431F84}.Release|x86.ActiveCfg = Release|iPhone
		{468C6B3D-9967-4D03-A7A1-169B62431F84}.Release|x86.Build.0 = Release|iPhone
		{468C6B3D-9967-4D03-A7A1-169B62431F84}.Release|x86.Deploy.0 = Release|iPhone
		{BE5EA942-15BE-4783-94FC-1E727EFD677D}.Debug|Any CPU.ActiveCfg = Debug|Any CPU
		{BE5EA942-15BE-4783-94FC-1E727EFD677D}.Debug|Any CPU.Build.0 = Debug|Any CPU
		{BE5EA942-15BE-4783-94FC-1E727EFD677D}.Debug|Any CPU.Deploy.0 = Debug|Any CPU
		{BE5EA942-15BE-4783-94FC-1E727EFD677D}.Debug|ARM.ActiveCfg = Debug|Any CPU
		{BE5EA942-15BE-4783-94FC-1E727EFD677D}.Debug|ARM.Build.0 = Debug|Any CPU
		{BE5EA942-15BE-4783-94FC-1E727EFD677D}.Debug|ARM.Deploy.0 = Debug|Any CPU
		{BE5EA942-15BE-4783-94FC-1E727EFD677D}.Debug|iPhone.ActiveCfg = Debug|Any CPU
		{BE5EA942-15BE-4783-94FC-1E727EFD677D}.Debug|iPhone.Build.0 = Debug|Any CPU
		{BE5EA942-15BE-4783-94FC-1E727EFD677D}.Debug|iPhone.Deploy.0 = Debug|Any CPU
		{BE5EA942-15BE-4783-94FC-1E727EFD677D}.Debug|iPhoneSimulator.ActiveCfg = Debug|Any CPU
		{BE5EA942-15BE-4783-94FC-1E727EFD677D}.Debug|iPhoneSimulator.Build.0 = Debug|Any CPU
		{BE5EA942-15BE-4783-94FC-1E727EFD677D}.Debug|iPhoneSimulator.Deploy.0 = Debug|Any CPU
		{BE5EA942-15BE-4783-94FC-1E727EFD677D}.Debug|x64.ActiveCfg = Debug|Any CPU
		{BE5EA942-15BE-4783-94FC-1E727EFD677D}.Debug|x64.Build.0 = Debug|Any CPU
		{BE5EA942-15BE-4783-94FC-1E727EFD677D}.Debug|x64.Deploy.0 = Debug|Any CPU
		{BE5EA942-15BE-4783-94FC-1E727EFD677D}.Debug|x86.ActiveCfg = Debug|Any CPU
		{BE5EA942-15BE-4783-94FC-1E727EFD677D}.Debug|x86.Build.0 = Debug|Any CPU
		{BE5EA942-15BE-4783-94FC-1E727EFD677D}.Debug|x86.Deploy.0 = Debug|Any CPU
		{BE5EA942-15BE-4783-94FC-1E727EFD677D}.Release|Any CPU.ActiveCfg = Release|Any CPU
		{BE5EA942-15BE-4783-94FC-1E727EFD677D}.Release|Any CPU.Build.0 = Release|Any CPU
		{BE5EA942-15BE-4783-94FC-1E727EFD677D}.Release|Any CPU.Deploy.0 = Release|Any CPU
		{BE5EA942-15BE-4783-94FC-1E727EFD677D}.Release|ARM.ActiveCfg = Release|Any CPU
		{BE5EA942-15BE-4783-94FC-1E727EFD677D}.Release|ARM.Build.0 = Release|Any CPU
		{BE5EA942-15BE-4783-94FC-1E727EFD677D}.Release|ARM.Deploy.0 = Release|Any CPU
		{BE5EA942-15BE-4783-94FC-1E727EFD677D}.Release|iPhone.ActiveCfg = Release|Any CPU
		{BE5EA942-15BE-4783-94FC-1E727EFD677D}.Release|iPhone.Build.0 = Release|Any CPU
		{BE5EA942-15BE-4783-94FC-1E727EFD677D}.Release|iPhone.Deploy.0 = Release|Any CPU
		{BE5EA942-15BE-4783-94FC-1E727EFD677D}.Release|iPhoneSimulator.ActiveCfg = Release|Any CPU
		{BE5EA942-15BE-4783-94FC-1E727EFD677D}.Release|iPhoneSimulator.Build.0 = Release|Any CPU
		{BE5EA942-15BE-4783-94FC-1E727EFD677D}.Release|iPhoneSimulator.Deploy.0 = Release|Any CPU
		{BE5EA942-15BE-4783-94FC-1E727EFD677D}.Release|x64.ActiveCfg = Release|Any CPU
		{BE5EA942-15BE-4783-94FC-1E727EFD677D}.Release|x64.Build.0 = Release|Any CPU
		{BE5EA942-15BE-4783-94FC-1E727EFD677D}.Release|x64.Deploy.0 = Release|Any CPU
		{BE5EA942-15BE-4783-94FC-1E727EFD677D}.Release|x86.ActiveCfg = Release|Any CPU
		{BE5EA942-15BE-4783-94FC-1E727EFD677D}.Release|x86.Build.0 = Release|Any CPU
		{BE5EA942-15BE-4783-94FC-1E727EFD677D}.Release|x86.Deploy.0 = Release|Any CPU
	EndGlobalSection
	GlobalSection(SolutionProperties) = preSolution
		HideSolutionNode = FALSE
	EndGlobalSection
	GlobalSection(ExtensibilityGlobals) = postSolution
		SolutionGuid = {DB244A39-CC74-496C-BB06-FA91E0FC2D6D}
	EndGlobalSection
EndGlobal
