
Microsoft Visual Studio Solution File, Format Version 12.00
# Visual Studio Version 16
VisualStudioVersion = 16.0.29926.136
MinimumVisualStudioVersion = 10.0.40219.1
Project("{FAE04EC0-301F-11D3-BF4B-00C04F79EFBC}") = "Geolocator.UWP", "Geolocator\Geolocator.UWP\Geolocator.UWP.csproj", "{8AA6814E-1565-4CF3-B6BB-9690647242AF}"
EndProject
Project("{FAE04EC0-301F-11D3-BF4B-00C04F79EFBC}") = "Geolocator.Android", "Geolocator\Geolocator.Android\Geolocator.Android.csproj", "{6AEEBF03-C4CD-4635-B44A-235571310A4D}"
EndProject
Project("{FAE04EC0-301F-11D3-BF4B-00C04F79EFBC}") = "Geolocator.iOS", "Geolocator\Geolocator.iOS\Geolocator.iOS.csproj", "{C0D59FB8-A514-4CD3-9F25-665B437D7D25}"
EndProject
Project("{FAE04EC0-301F-11D3-BF4B-00C04F79EFBC}") = "Geolocator", "Geolocator\Geolocator\Geolocator.csproj", "{2696EAD6-F66A-472E-8D54-CF0196F9F29D}"
EndProject
Global
	GlobalSection(SolutionConfigurationPlatforms) = preSolution
		Debug|Any CPU = Debug|Any CPU
		Debug|ARM = Debug|ARM
		Debug|iPhone = Debug|iPhone
		Debug|iPhoneSimulator = Debug|iPhoneSimulator
		Debug|x64 = Debug|x64
		Debug|x86 = Debug|x86
		Release|Any CPU = Release|Any CPU
		Release|ARM = Release|ARM
		Release|iPhone = Release|iPhone
		Release|iPhoneSimulator = Release|iPhoneSimulator
		Release|x64 = Release|x64
		Release|x86 = Release|x86
	EndGlobalSection
	GlobalSection(ProjectConfigurationPlatforms) = postSolution
		{8AA6814E-1565-4CF3-B6BB-9690647242AF}.Debug|Any CPU.ActiveCfg = Debug|x86
		{8AA6814E-1565-4CF3-B6BB-9690647242AF}.Debug|Any CPU.Build.0 = Debug|x86
		{8AA6814E-1565-4CF3-B6BB-9690647242AF}.Debug|Any CPU.Deploy.0 = Debug|x86
		{8AA6814E-1565-4CF3-B6BB-9690647242AF}.Debug|ARM.ActiveCfg = Debug|ARM
		{8AA6814E-1565-4CF3-B6BB-9690647242AF}.Debug|ARM.Build.0 = Debug|ARM
		{8AA6814E-1565-4CF3-B6BB-9690647242AF}.Debug|ARM.Deploy.0 = Debug|ARM
		{8AA6814E-1565-4CF3-B6BB-9690647242AF}.Debug|iPhone.ActiveCfg = Debug|x86
		{8AA6814E-1565-4CF3-B6BB-9690647242AF}.Debug|iPhone.Build.0 = Debug|x86
		{8AA6814E-1565-4CF3-B6BB-9690647242AF}.Debug|iPhone.Deploy.0 = Debug|x86
		{8AA6814E-1565-4CF3-B6BB-9690647242AF}.Debug|iPhoneSimulator.ActiveCfg = Debug|x86
		{8AA6814E-1565-4CF3-B6BB-9690647242AF}.Debug|iPhoneSimulator.Build.0 = Debug|x86
		{8AA6814E-1565-4CF3-B6BB-9690647242AF}.Debug|iPhoneSimulator.Deploy.0 = Debug|x86
		{8AA6814E-1565-4CF3-B6BB-9690647242AF}.Debug|x64.ActiveCfg = Debug|x64
		{8AA6814E-1565-4CF3-B6BB-9690647242AF}.Debug|x64.Build.0 = Debug|x64
		{8AA6814E-1565-4CF3-B6BB-9690647242AF}.Debug|x64.Deploy.0 = Debug|x64
		{8AA6814E-1565-4CF3-B6BB-9690647242AF}.Debug|x86.ActiveCfg = Debug|x86
		{8AA6814E-1565-4CF3-B6BB-9690647242AF}.Debug|x86.Build.0 = Debug|x86
		{8AA6814E-1565-4CF3-B6BB-9690647242AF}.Debug|x86.Deploy.0 = Debug|x86
		{8AA6814E-1565-4CF3-B6BB-9690647242AF}.Release|Any CPU.ActiveCfg = Release|x86
		{8AA6814E-1565-4CF3-B6BB-9690647242AF}.Release|Any CPU.Build.0 = Release|x86
		{8AA6814E-1565-4CF3-B6BB-9690647242AF}.Release|Any CPU.Deploy.0 = Release|x86
		{8AA6814E-1565-4CF3-B6BB-9690647242AF}.Release|ARM.ActiveCfg = Release|ARM
		{8AA6814E-1565-4CF3-B6BB-9690647242AF}.Release|ARM.Build.0 = Release|ARM
		{8AA6814E-1565-4CF3-B6BB-9690647242AF}.Release|ARM.Deploy.0 = Release|ARM
		{8AA6814E-1565-4CF3-B6BB-9690647242AF}.Release|iPhone.ActiveCfg = Release|x86
		{8AA6814E-1565-4CF3-B6BB-9690647242AF}.Release|iPhone.Build.0 = Release|x86
		{8AA6814E-1565-4CF3-B6BB-9690647242AF}.Release|iPhone.Deploy.0 = Release|x86
		{8AA6814E-1565-4CF3-B6BB-9690647242AF}.Release|iPhoneSimulator.ActiveCfg = Release|x86
		{8AA6814E-1565-4CF3-B6BB-9690647242AF}.Release|iPhoneSimulator.Build.0 = Release|x86
		{8AA6814E-1565-4CF3-B6BB-9690647242AF}.Release|iPhoneSimulator.Deploy.0 = Release|x86
		{8AA6814E-1565-4CF3-B6BB-9690647242AF}.Release|x64.ActiveCfg = Release|x64
		{8AA6814E-1565-4CF3-B6BB-9690647242AF}.Release|x64.Build.0 = Release|x64
		{8AA6814E-1565-4CF3-B6BB-9690647242AF}.Release|x64.Deploy.0 = Release|x64
		{8AA6814E-1565-4CF3-B6BB-9690647242AF}.Release|x86.ActiveCfg = Release|x86
		{8AA6814E-1565-4CF3-B6BB-9690647242AF}.Release|x86.Build.0 = Release|x86
		{8AA6814E-1565-4CF3-B6BB-9690647242AF}.Release|x86.Deploy.0 = Release|x86
		{6AEEBF03-C4CD-4635-B44A-235571310A4D}.Debug|Any CPU.ActiveCfg = Debug|Any CPU
		{6AEEBF03-C4CD-4635-B44A-235571310A4D}.Debug|Any CPU.Build.0 = Debug|Any CPU
		{6AEEBF03-C4CD-4635-B44A-235571310A4D}.Debug|Any CPU.Deploy.0 = Debug|Any CPU
		{6AEEBF03-C4CD-4635-B44A-235571310A4D}.Debug|ARM.ActiveCfg = Debug|Any CPU
		{6AEEBF03-C4CD-4635-B44A-235571310A4D}.Debug|ARM.Build.0 = Debug|Any CPU
		{6AEEBF03-C4CD-4635-B44A-235571310A4D}.Debug|ARM.Deploy.0 = Debug|Any CPU
		{6AEEBF03-C4CD-4635-B44A-235571310A4D}.Debug|iPhone.ActiveCfg = Debug|Any CPU
		{6AEEBF03-C4CD-4635-B44A-235571310A4D}.Debug|iPhone.Build.0 = Debug|Any CPU
		{6AEEBF03-C4CD-4635-B44A-235571310A4D}.Debug|iPhone.Deploy.0 = Debug|Any CPU
		{6AEEBF03-C4CD-4635-B44A-235571310A4D}.Debug|iPhoneSimulator.ActiveCfg = Debug|Any CPU
		{6AEEBF03-C4CD-4635-B44A-235571310A4D}.Debug|iPhoneSimulator.Build.0 = Debug|Any CPU
		{6AEEBF03-C4CD-4635-B44A-235571310A4D}.Debug|iPhoneSimulator.Deploy.0 = Debug|Any CPU
		{6AEEBF03-C4CD-4635-B44A-235571310A4D}.Debug|x64.ActiveCfg = Debug|Any CPU
		{6AEEBF03-C4CD-4635-B44A-235571310A4D}.Debug|x64.Build.0 = Debug|Any CPU
		{6AEEBF03-C4CD-4635-B44A-235571310A4D}.Debug|x64.Deploy.0 = Debug|Any CPU
		{6AEEBF03-C4CD-4635-B44A-235571310A4D}.Debug|x86.ActiveCfg = Debug|Any CPU
		{6AEEBF03-C4CD-4635-B44A-235571310A4D}.Debug|x86.Build.0 = Debug|Any CPU
		{6AEEBF03-C4CD-4635-B44A-235571310A4D}.Debug|x86.Deploy.0 = Debug|Any CPU
		{6AEEBF03-C4CD-4635-B44A-235571310A4D}.Release|Any CPU.ActiveCfg = Release|Any CPU
		{6AEEBF03-C4CD-4635-B44A-235571310A4D}.Release|Any CPU.Build.0 = Release|Any CPU
		{6AEEBF03-C4CD-4635-B44A-235571310A4D}.Release|Any CPU.Deploy.0 = Release|Any CPU
		{6AEEBF03-C4CD-4635-B44A-235571310A4D}.Release|ARM.ActiveCfg = Release|Any CPU
		{6AEEBF03-C4CD-4635-B44A-235571310A4D}.Release|ARM.Build.0 = Release|Any CPU
		{6AEEBF03-C4CD-4635-B44A-235571310A4D}.Release|ARM.Deploy.0 = Release|Any CPU
		{6AEEBF03-C4CD-4635-B44A-235571310A4D}.Release|iPhone.ActiveCfg = Release|Any CPU
		{6AEEBF03-C4CD-4635-B44A-235571310A4D}.Release|iPhone.Build.0 = Release|Any CPU
		{6AEEBF03-C4CD-4635-B44A-235571310A4D}.Release|iPhone.Deploy.0 = Release|Any CPU
		{6AEEBF03-C4CD-4635-B44A-235571310A4D}.Release|iPhoneSimulator.ActiveCfg = Release|Any CPU
		{6AEEBF03-C4CD-4635-B44A-235571310A4D}.Release|iPhoneSimulator.Build.0 = Release|Any CPU
		{6AEEBF03-C4CD-4635-B44A-235571310A4D}.Release|iPhoneSimulator.Deploy.0 = Release|Any CPU
		{6AEEBF03-C4CD-4635-B44A-235571310A4D}.Release|x64.ActiveCfg = Release|Any CPU
		{6AEEBF03-C4CD-4635-B44A-235571310A4D}.Release|x64.Build.0 = Release|Any CPU
		{6AEEBF03-C4CD-4635-B44A-235571310A4D}.Release|x64.Deploy.0 = Release|Any CPU
		{6AEEBF03-C4CD-4635-B44A-235571310A4D}.Release|x86.ActiveCfg = Release|Any CPU
		{6AEEBF03-C4CD-4635-B44A-235571310A4D}.Release|x86.Build.0 = Release|Any CPU
		{6AEEBF03-C4CD-4635-B44A-235571310A4D}.Release|x86.Deploy.0 = Release|Any CPU
		{C0D59FB8-A514-4CD3-9F25-665B437D7D25}.Debug|Any CPU.ActiveCfg = Debug|iPhone
		{C0D59FB8-A514-4CD3-9F25-665B437D7D25}.Debug|Any CPU.Build.0 = Debug|iPhone
		{C0D59FB8-A514-4CD3-9F25-665B437D7D25}.Debug|Any CPU.Deploy.0 = Debug|iPhone
		{C0D59FB8-A514-4CD3-9F25-665B437D7D25}.Debug|ARM.ActiveCfg = Debug|iPhone
		{C0D59FB8-A514-4CD3-9F25-665B437D7D25}.Debug|ARM.Build.0 = Debug|iPhone
		{C0D59FB8-A514-4CD3-9F25-665B437D7D25}.Debug|ARM.Deploy.0 = Debug|iPhone
		{C0D59FB8-A514-4CD3-9F25-665B437D7D25}.Debug|iPhone.ActiveCfg = Debug|iPhone
		{C0D59FB8-A514-4CD3-9F25-665B437D7D25}.Debug|iPhone.Build.0 = Debug|iPhone
		{C0D59FB8-A514-4CD3-9F25-665B437D7D25}.Debug|iPhone.Deploy.0 = Debug|iPhone
		{C0D59FB8-A514-4CD3-9F25-665B437D7D25}.Debug|iPhoneSimulator.ActiveCfg = Debug|iPhoneSimulator
		{C0D59FB8-A514-4CD3-9F25-665B437D7D25}.Debug|iPhoneSimulator.Build.0 = Debug|iPhoneSimulator
		{C0D59FB8-A514-4CD3-9F25-665B437D7D25}.Debug|iPhoneSimulator.Deploy.0 = Debug|iPhoneSimulator
		{C0D59FB8-A514-4CD3-9F25-665B437D7D25}.Debug|x64.ActiveCfg = Debug|iPhone
		{C0D59FB8-A514-4CD3-9F25-665B437D7D25}.Debug|x64.Build.0 = Debug|iPhone
		{C0D59FB8-A514-4CD3-9F25-665B437D7D25}.Debug|x64.Deploy.0 = Debug|iPhone
		{C0D59FB8-A514-4CD3-9F25-665B437D7D25}.Debug|x86.ActiveCfg = Debug|iPhone
		{C0D59FB8-A514-4CD3-9F25-665B437D7D25}.Debug|x86.Build.0 = Debug|iPhone
		{C0D59FB8-A514-4CD3-9F25-665B437D7D25}.Debug|x86.Deploy.0 = Debug|iPhone
		{C0D59FB8-A514-4CD3-9F25-665B437D7D25}.Release|Any CPU.ActiveCfg = Release|iPhone
		{C0D59FB8-A514-4CD3-9F25-665B437D7D25}.Release|Any CPU.Build.0 = Release|iPhone
		{C0D59FB8-A514-4CD3-9F25-665B437D7D25}.Release|Any CPU.Deploy.0 = Release|iPhone
		{C0D59FB8-A514-4CD3-9F25-665B437D7D25}.Release|ARM.ActiveCfg = Release|iPhone
		{C0D59FB8-A514-4CD3-9F25-665B437D7D25}.Release|ARM.Build.0 = Release|iPhone
		{C0D59FB8-A514-4CD3-9F25-665B437D7D25}.Release|ARM.Deploy.0 = Release|iPhone
		{C0D59FB8-A514-4CD3-9F25-665B437D7D25}.Release|iPhone.ActiveCfg = Release|iPhone
		{C0D59FB8-A514-4CD3-9F25-665B437D7D25}.Release|iPhone.Build.0 = Release|iPhone
		{C0D59FB8-A514-4CD3-9F25-665B437D7D25}.Release|iPhone.Deploy.0 = Release|iPhone
		{C0D59FB8-A514-4CD3-9F25-665B437D7D25}.Release|iPhoneSimulator.ActiveCfg = Release|iPhoneSimulator
		{C0D59FB8-A514-4CD3-9F25-665B437D7D25}.Release|iPhoneSimulator.Build.0 = Release|iPhoneSimulator
		{C0D59FB8-A514-4CD3-9F25-665B437D7D25}.Release|iPhoneSimulator.Deploy.0 = Release|iPhoneSimulator
		{C0D59FB8-A514-4CD3-9F25-665B437D7D25}.Release|x64.ActiveCfg = Release|iPhone
		{C0D59FB8-A514-4CD3-9F25-665B437D7D25}.Release|x64.Build.0 = Release|iPhone
		{C0D59FB8-A514-4CD3-9F25-665B437D7D25}.Release|x64.Deploy.0 = Release|iPhone
		{C0D59FB8-A514-4CD3-9F25-665B437D7D25}.Release|x86.ActiveCfg = Release|iPhone
		{C0D59FB8-A514-4CD3-9F25-665B437D7D25}.Release|x86.Build.0 = Release|iPhone
		{C0D59FB8-A514-4CD3-9F25-665B437D7D25}.Release|x86.Deploy.0 = Release|iPhone
		{2696EAD6-F66A-472E-8D54-CF0196F9F29D}.Debug|Any CPU.ActiveCfg = Debug|Any CPU
		{2696EAD6-F66A-472E-8D54-CF0196F9F29D}.Debug|Any CPU.Build.0 = Debug|Any CPU
		{2696EAD6-F66A-472E-8D54-CF0196F9F29D}.Debug|Any CPU.Deploy.0 = Debug|Any CPU
		{2696EAD6-F66A-472E-8D54-CF0196F9F29D}.Debug|ARM.ActiveCfg = Debug|Any CPU
		{2696EAD6-F66A-472E-8D54-CF0196F9F29D}.Debug|ARM.Build.0 = Debug|Any CPU
		{2696EAD6-F66A-472E-8D54-CF0196F9F29D}.Debug|ARM.Deploy.0 = Debug|Any CPU
		{2696EAD6-F66A-472E-8D54-CF0196F9F29D}.Debug|iPhone.ActiveCfg = Debug|Any CPU
		{2696EAD6-F66A-472E-8D54-CF0196F9F29D}.Debug|iPhone.Build.0 = Debug|Any CPU
		{2696EAD6-F66A-472E-8D54-CF0196F9F29D}.Debug|iPhone.Deploy.0 = Debug|Any CPU
		{2696EAD6-F66A-472E-8D54-CF0196F9F29D}.Debug|iPhoneSimulator.ActiveCfg = Debug|Any CPU
		{2696EAD6-F66A-472E-8D54-CF0196F9F29D}.Debug|iPhoneSimulator.Build.0 = Debug|Any CPU
		{2696EAD6-F66A-472E-8D54-CF0196F9F29D}.Debug|iPhoneSimulator.Deploy.0 = Debug|Any CPU
		{2696EAD6-F66A-472E-8D54-CF0196F9F29D}.Debug|x64.ActiveCfg = Debug|Any CPU
		{2696EAD6-F66A-472E-8D54-CF0196F9F29D}.Debug|x64.Build.0 = Debug|Any CPU
		{2696EAD6-F66A-472E-8D54-CF0196F9F29D}.Debug|x64.Deploy.0 = Debug|Any CPU
		{2696EAD6-F66A-472E-8D54-CF0196F9F29D}.Debug|x86.ActiveCfg = Debug|Any CPU
		{2696EAD6-F66A-472E-8D54-CF0196F9F29D}.Debug|x86.Build.0 = Debug|Any CPU
		{2696EAD6-F66A-472E-8D54-CF0196F9F29D}.Debug|x86.Deploy.0 = Debug|Any CPU
		{2696EAD6-F66A-472E-8D54-CF0196F9F29D}.Release|Any CPU.ActiveCfg = Release|Any CPU
		{2696EAD6-F66A-472E-8D54-CF0196F9F29D}.Release|Any CPU.Build.0 = Release|Any CPU
		{2696EAD6-F66A-472E-8D54-CF0196F9F29D}.Release|Any CPU.Deploy.0 = Release|Any CPU
		{2696EAD6-F66A-472E-8D54-CF0196F9F29D}.Release|ARM.ActiveCfg = Release|Any CPU
		{2696EAD6-F66A-472E-8D54-CF0196F9F29D}.Release|ARM.Build.0 = Release|Any CPU
		{2696EAD6-F66A-472E-8D54-CF0196F9F29D}.Release|ARM.Deploy.0 = Release|Any CPU
		{2696EAD6-F66A-472E-8D54-CF0196F9F29D}.Release|iPhone.ActiveCfg = Release|Any CPU
		{2696EAD6-F66A-472E-8D54-CF0196F9F29D}.Release|iPhone.Build.0 = Release|Any CPU
		{2696EAD6-F66A-472E-8D54-CF0196F9F29D}.Release|iPhone.Deploy.0 = Release|Any CPU
		{2696EAD6-F66A-472E-8D54-CF0196F9F29D}.Release|iPhoneSimulator.ActiveCfg = Release|Any CPU
		{2696EAD6-F66A-472E-8D54-CF0196F9F29D}.Release|iPhoneSimulator.Build.0 = Release|Any CPU
		{2696EAD6-F66A-472E-8D54-CF0196F9F29D}.Release|iPhoneSimulator.Deploy.0 = Release|Any CPU
		{2696EAD6-F66A-472E-8D54-CF0196F9F29D}.Release|x64.ActiveCfg = Release|Any CPU
		{2696EAD6-F66A-472E-8D54-CF0196F9F29D}.Release|x64.Build.0 = Release|Any CPU
		{2696EAD6-F66A-472E-8D54-CF0196F9F29D}.Release|x64.Deploy.0 = Release|Any CPU
		{2696EAD6-F66A-472E-8D54-CF0196F9F29D}.Release|x86.ActiveCfg = Release|Any CPU
		{2696EAD6-F66A-472E-8D54-CF0196F9F29D}.Release|x86.Build.0 = Release|Any CPU
		{2696EAD6-F66A-472E-8D54-CF0196F9F29D}.Release|x86.Deploy.0 = Release|Any CPU
	EndGlobalSection
	GlobalSection(SolutionProperties) = preSolution
		HideSolutionNode = FALSE
	EndGlobalSection
	GlobalSection(ExtensibilityGlobals) = postSolution
		SolutionGuid = {1A96665A-1D37-4FF4-B85C-50B506884AA1}
	EndGlobalSection
EndGlobal
