
Microsoft Visual Studio Solution File, Format Version 12.00
# Visual Studio Version 16
VisualStudioVersion = 16.0.29806.167
MinimumVisualStudioVersion = 10.0.40219.1
Project("{FAE04EC0-301F-11D3-BF4B-00C04F79EFBC}") = "Layouts.UWP", "Layouts\Layouts.UWP\Layouts.UWP.csproj", "{0B4979E5-A503-462C-98E6-8D5BF4753DDE}"
EndProject
Project("{FAE04EC0-301F-11D3-BF4B-00C04F79EFBC}") = "Layouts.Android", "Layouts\Layouts.Android\Layouts.Android.csproj", "{698661D5-FB35-46AE-BA40-FA25CFA83300}"
EndProject
Project("{FAE04EC0-301F-11D3-BF4B-00C04F79EFBC}") = "Layouts.iOS", "Layouts\Layouts.iOS\Layouts.iOS.csproj", "{8C517406-57C4-486B-A16D-B6A9DEF41C30}"
EndProject
Project("{FAE04EC0-301F-11D3-BF4B-00C04F79EFBC}") = "Layouts", "Layouts\Layouts\Layouts.csproj", "{14732CDE-8F26-4157-8F33-69A05036D141}"
EndProject
Global
	GlobalSection(SolutionConfigurationPlatforms) = preSolution
		Debug|Any CPU = Debug|Any CPU
		Debug|ARM = Debug|ARM
		Debug|iPhone = Debug|iPhone
		Debug|iPhoneSimulator = Debug|iPhoneSimulator
		Debug|x64 = Debug|x64
		Debug|x86 = Debug|x86
		Release|Any CPU = Release|Any CPU
		Release|ARM = Release|ARM
		Release|iPhone = Release|iPhone
		Release|iPhoneSimulator = Release|iPhoneSimulator
		Release|x64 = Release|x64
		Release|x86 = Release|x86
	EndGlobalSection
	GlobalSection(ProjectConfigurationPlatforms) = postSolution
		{0B4979E5-A503-462C-98E6-8D5BF4753DDE}.Debug|Any CPU.ActiveCfg = Debug|x86
		{0B4979E5-A503-462C-98E6-8D5BF4753DDE}.Debug|Any CPU.Build.0 = Debug|x86
		{0B4979E5-A503-462C-98E6-8D5BF4753DDE}.Debug|Any CPU.Deploy.0 = Debug|x86
		{0B4979E5-A503-462C-98E6-8D5BF4753DDE}.Debug|ARM.ActiveCfg = Debug|ARM
		{0B4979E5-A503-462C-98E6-8D5BF4753DDE}.Debug|ARM.Build.0 = Debug|ARM
		{0B4979E5-A503-462C-98E6-8D5BF4753DDE}.Debug|ARM.Deploy.0 = Debug|ARM
		{0B4979E5-A503-462C-98E6-8D5BF4753DDE}.Debug|iPhone.ActiveCfg = Debug|x86
		{0B4979E5-A503-462C-98E6-8D5BF4753DDE}.Debug|iPhone.Build.0 = Debug|x86
		{0B4979E5-A503-462C-98E6-8D5BF4753DDE}.Debug|iPhone.Deploy.0 = Debug|x86
		{0B4979E5-A503-462C-98E6-8D5BF4753DDE}.Debug|iPhoneSimulator.ActiveCfg = Debug|x86
		{0B4979E5-A503-462C-98E6-8D5BF4753DDE}.Debug|iPhoneSimulator.Build.0 = Debug|x86
		{0B4979E5-A503-462C-98E6-8D5BF4753DDE}.Debug|iPhoneSimulator.Deploy.0 = Debug|x86
		{0B4979E5-A503-462C-98E6-8D5BF4753DDE}.Debug|x64.ActiveCfg = Debug|x64
		{0B4979E5-A503-462C-98E6-8D5BF4753DDE}.Debug|x64.Build.0 = Debug|x64
		{0B4979E5-A503-462C-98E6-8D5BF4753DDE}.Debug|x64.Deploy.0 = Debug|x64
		{0B4979E5-A503-462C-98E6-8D5BF4753DDE}.Debug|x86.ActiveCfg = Debug|x86
		{0B4979E5-A503-462C-98E6-8D5BF4753DDE}.Debug|x86.Build.0 = Debug|x86
		{0B4979E5-A503-462C-98E6-8D5BF4753DDE}.Debug|x86.Deploy.0 = Debug|x86
		{0B4979E5-A503-462C-98E6-8D5BF4753DDE}.Release|Any CPU.ActiveCfg = Release|x86
		{0B4979E5-A503-462C-98E6-8D5BF4753DDE}.Release|Any CPU.Build.0 = Release|x86
		{0B4979E5-A503-462C-98E6-8D5BF4753DDE}.Release|Any CPU.Deploy.0 = Release|x86
		{0B4979E5-A503-462C-98E6-8D5BF4753DDE}.Release|ARM.ActiveCfg = Release|ARM
		{0B4979E5-A503-462C-98E6-8D5BF4753DDE}.Release|ARM.Build.0 = Release|ARM
		{0B4979E5-A503-462C-98E6-8D5BF4753DDE}.Release|ARM.Deploy.0 = Release|ARM
		{0B4979E5-A503-462C-98E6-8D5BF4753DDE}.Release|iPhone.ActiveCfg = Release|x86
		{0B4979E5-A503-462C-98E6-8D5BF4753DDE}.Release|iPhone.Build.0 = Release|x86
		{0B4979E5-A503-462C-98E6-8D5BF4753DDE}.Release|iPhone.Deploy.0 = Release|x86
		{0B4979E5-A503-462C-98E6-8D5BF4753DDE}.Release|iPhoneSimulator.ActiveCfg = Release|x86
		{0B4979E5-A503-462C-98E6-8D5BF4753DDE}.Release|iPhoneSimulator.Build.0 = Release|x86
		{0B4979E5-A503-462C-98E6-8D5BF4753DDE}.Release|iPhoneSimulator.Deploy.0 = Release|x86
		{0B4979E5-A503-462C-98E6-8D5BF4753DDE}.Release|x64.ActiveCfg = Release|x64
		{0B4979E5-A503-462C-98E6-8D5BF4753DDE}.Release|x64.Build.0 = Release|x64
		{0B4979E5-A503-462C-98E6-8D5BF4753DDE}.Release|x64.Deploy.0 = Release|x64
		{0B4979E5-A503-462C-98E6-8D5BF4753DDE}.Release|x86.ActiveCfg = Release|x86
		{0B4979E5-A503-462C-98E6-8D5BF4753DDE}.Release|x86.Build.0 = Release|x86
		{0B4979E5-A503-462C-98E6-8D5BF4753DDE}.Release|x86.Deploy.0 = Release|x86
		{698661D5-FB35-46AE-BA40-FA25CFA83300}.Debug|Any CPU.ActiveCfg = Debug|Any CPU
		{698661D5-FB35-46AE-BA40-FA25CFA83300}.Debug|Any CPU.Build.0 = Debug|Any CPU
		{698661D5-FB35-46AE-BA40-FA25CFA83300}.Debug|Any CPU.Deploy.0 = Debug|Any CPU
		{698661D5-FB35-46AE-BA40-FA25CFA83300}.Debug|ARM.ActiveCfg = Debug|Any CPU
		{698661D5-FB35-46AE-BA40-FA25CFA83300}.Debug|ARM.Build.0 = Debug|Any CPU
		{698661D5-FB35-46AE-BA40-FA25CFA83300}.Debug|ARM.Deploy.0 = Debug|Any CPU
		{698661D5-FB35-46AE-BA40-FA25CFA83300}.Debug|iPhone.ActiveCfg = Debug|Any CPU
		{698661D5-FB35-46AE-BA40-FA25CFA83300}.Debug|iPhone.Build.0 = Debug|Any CPU
		{698661D5-FB35-46AE-BA40-FA25CFA83300}.Debug|iPhone.Deploy.0 = Debug|Any CPU
		{698661D5-FB35-46AE-BA40-FA25CFA83300}.Debug|iPhoneSimulator.ActiveCfg = Debug|Any CPU
		{698661D5-FB35-46AE-BA40-FA25CFA83300}.Debug|iPhoneSimulator.Build.0 = Debug|Any CPU
		{698661D5-FB35-46AE-BA40-FA25CFA83300}.Debug|iPhoneSimulator.Deploy.0 = Debug|Any CPU
		{698661D5-FB35-46AE-BA40-FA25CFA83300}.Debug|x64.ActiveCfg = Debug|Any CPU
		{698661D5-FB35-46AE-BA40-FA25CFA83300}.Debug|x64.Build.0 = Debug|Any CPU
		{698661D5-FB35-46AE-BA40-FA25CFA83300}.Debug|x64.Deploy.0 = Debug|Any CPU
		{698661D5-FB35-46AE-BA40-FA25CFA83300}.Debug|x86.ActiveCfg = Debug|Any CPU
		{698661D5-FB35-46AE-BA40-FA25CFA83300}.Debug|x86.Build.0 = Debug|Any CPU
		{698661D5-FB35-46AE-BA40-FA25CFA83300}.Debug|x86.Deploy.0 = Debug|Any CPU
		{698661D5-FB35-46AE-BA40-FA25CFA83300}.Release|Any CPU.ActiveCfg = Release|Any CPU
		{698661D5-FB35-46AE-BA40-FA25CFA83300}.Release|Any CPU.Build.0 = Release|Any CPU
		{698661D5-FB35-46AE-BA40-FA25CFA83300}.Release|Any CPU.Deploy.0 = Release|Any CPU
		{698661D5-FB35-46AE-BA40-FA25CFA83300}.Release|ARM.ActiveCfg = Release|Any CPU
		{698661D5-FB35-46AE-BA40-FA25CFA83300}.Release|ARM.Build.0 = Release|Any CPU
		{698661D5-FB35-46AE-BA40-FA25CFA83300}.Release|ARM.Deploy.0 = Release|Any CPU
		{698661D5-FB35-46AE-BA40-FA25CFA83300}.Release|iPhone.ActiveCfg = Release|Any CPU
		{698661D5-FB35-46AE-BA40-FA25CFA83300}.Release|iPhone.Build.0 = Release|Any CPU
		{698661D5-FB35-46AE-BA40-FA25CFA83300}.Release|iPhone.Deploy.0 = Release|Any CPU
		{698661D5-FB35-46AE-BA40-FA25CFA83300}.Release|iPhoneSimulator.ActiveCfg = Release|Any CPU
		{698661D5-FB35-46AE-BA40-FA25CFA83300}.Release|iPhoneSimulator.Build.0 = Release|Any CPU
		{698661D5-FB35-46AE-BA40-FA25CFA83300}.Release|iPhoneSimulator.Deploy.0 = Release|Any CPU
		{698661D5-FB35-46AE-BA40-FA25CFA83300}.Release|x64.ActiveCfg = Release|Any CPU
		{698661D5-FB35-46AE-BA40-FA25CFA83300}.Release|x64.Build.0 = Release|Any CPU
		{698661D5-FB35-46AE-BA40-FA25CFA83300}.Release|x64.Deploy.0 = Release|Any CPU
		{698661D5-FB35-46AE-BA40-FA25CFA83300}.Release|x86.ActiveCfg = Release|Any CPU
		{698661D5-FB35-46AE-BA40-FA25CFA83300}.Release|x86.Build.0 = Release|Any CPU
		{698661D5-FB35-46AE-BA40-FA25CFA83300}.Release|x86.Deploy.0 = Release|Any CPU
		{8C517406-57C4-486B-A16D-B6A9DEF41C30}.Debug|Any CPU.ActiveCfg = Debug|iPhone
		{8C517406-57C4-486B-A16D-B6A9DEF41C30}.Debug|Any CPU.Build.0 = Debug|iPhone
		{8C517406-57C4-486B-A16D-B6A9DEF41C30}.Debug|Any CPU.Deploy.0 = Debug|iPhone
		{8C517406-57C4-486B-A16D-B6A9DEF41C30}.Debug|ARM.ActiveCfg = Debug|iPhoneSimulator
		{8C517406-57C4-486B-A16D-B6A9DEF41C30}.Debug|ARM.Build.0 = Debug|iPhoneSimulator
		{8C517406-57C4-486B-A16D-B6A9DEF41C30}.Debug|ARM.Deploy.0 = Debug|iPhoneSimulator
		{8C517406-57C4-486B-A16D-B6A9DEF41C30}.Debug|iPhone.ActiveCfg = Debug|iPhone
		{8C517406-57C4-486B-A16D-B6A9DEF41C30}.Debug|iPhone.Build.0 = Debug|iPhone
		{8C517406-57C4-486B-A16D-B6A9DEF41C30}.Debug|iPhone.Deploy.0 = Debug|iPhone
		{8C517406-57C4-486B-A16D-B6A9DEF41C30}.Debug|iPhoneSimulator.ActiveCfg = Debug|iPhoneSimulator
		{8C517406-57C4-486B-A16D-B6A9DEF41C30}.Debug|iPhoneSimulator.Build.0 = Debug|iPhoneSimulator
		{8C517406-57C4-486B-A16D-B6A9DEF41C30}.Debug|iPhoneSimulator.Deploy.0 = Debug|iPhoneSimulator
		{8C517406-57C4-486B-A16D-B6A9DEF41C30}.Debug|x64.ActiveCfg = Debug|iPhone
		{8C517406-57C4-486B-A16D-B6A9DEF41C30}.Debug|x64.Build.0 = Debug|iPhone
		{8C517406-57C4-486B-A16D-B6A9DEF41C30}.Debug|x64.Deploy.0 = Debug|iPhone
		{8C517406-57C4-486B-A16D-B6A9DEF41C30}.Debug|x86.ActiveCfg = Debug|iPhone
		{8C517406-57C4-486B-A16D-B6A9DEF41C30}.Debug|x86.Build.0 = Debug|iPhone
		{8C517406-57C4-486B-A16D-B6A9DEF41C30}.Debug|x86.Deploy.0 = Debug|iPhone
		{8C517406-57C4-486B-A16D-B6A9DEF41C30}.Release|Any CPU.ActiveCfg = Release|iPhone
		{8C517406-57C4-486B-A16D-B6A9DEF41C30}.Release|Any CPU.Build.0 = Release|iPhone
		{8C517406-57C4-486B-A16D-B6A9DEF41C30}.Release|Any CPU.Deploy.0 = Release|iPhone
		{8C517406-57C4-486B-A16D-B6A9DEF41C30}.Release|ARM.ActiveCfg = Release|iPhone
		{8C517406-57C4-486B-A16D-B6A9DEF41C30}.Release|ARM.Build.0 = Release|iPhone
		{8C517406-57C4-486B-A16D-B6A9DEF41C30}.Release|ARM.Deploy.0 = Release|iPhone
		{8C517406-57C4-486B-A16D-B6A9DEF41C30}.Release|iPhone.ActiveCfg = Release|iPhone
		{8C517406-57C4-486B-A16D-B6A9DEF41C30}.Release|iPhone.Build.0 = Release|iPhone
		{8C517406-57C4-486B-A16D-B6A9DEF41C30}.Release|iPhone.Deploy.0 = Release|iPhone
		{8C517406-57C4-486B-A16D-B6A9DEF41C30}.Release|iPhoneSimulator.ActiveCfg = Release|iPhoneSimulator
		{8C517406-57C4-486B-A16D-B6A9DEF41C30}.Release|iPhoneSimulator.Build.0 = Release|iPhoneSimulator
		{8C517406-57C4-486B-A16D-B6A9DEF41C30}.Release|iPhoneSimulator.Deploy.0 = Release|iPhoneSimulator
		{8C517406-57C4-486B-A16D-B6A9DEF41C30}.Release|x64.ActiveCfg = Release|iPhone
		{8C517406-57C4-486B-A16D-B6A9DEF41C30}.Release|x64.Build.0 = Release|iPhone
		{8C517406-57C4-486B-A16D-B6A9DEF41C30}.Release|x64.Deploy.0 = Release|iPhone
		{8C517406-57C4-486B-A16D-B6A9DEF41C30}.Release|x86.ActiveCfg = Release|iPhone
		{8C517406-57C4-486B-A16D-B6A9DEF41C30}.Release|x86.Build.0 = Release|iPhone
		{8C517406-57C4-486B-A16D-B6A9DEF41C30}.Release|x86.Deploy.0 = Release|iPhone
		{14732CDE-8F26-4157-8F33-69A05036D141}.Debug|Any CPU.ActiveCfg = Debug|Any CPU
		{14732CDE-8F26-4157-8F33-69A05036D141}.Debug|Any CPU.Build.0 = Debug|Any CPU
		{14732CDE-8F26-4157-8F33-69A05036D141}.Debug|Any CPU.Deploy.0 = Debug|Any CPU
		{14732CDE-8F26-4157-8F33-69A05036D141}.Debug|ARM.ActiveCfg = Debug|Any CPU
		{14732CDE-8F26-4157-8F33-69A05036D141}.Debug|ARM.Build.0 = Debug|Any CPU
		{14732CDE-8F26-4157-8F33-69A05036D141}.Debug|ARM.Deploy.0 = Debug|Any CPU
		{14732CDE-8F26-4157-8F33-69A05036D141}.Debug|iPhone.ActiveCfg = Debug|Any CPU
		{14732CDE-8F26-4157-8F33-69A05036D141}.Debug|iPhone.Build.0 = Debug|Any CPU
		{14732CDE-8F26-4157-8F33-69A05036D141}.Debug|iPhone.Deploy.0 = Debug|Any CPU
		{14732CDE-8F26-4157-8F33-69A05036D141}.Debug|iPhoneSimulator.ActiveCfg = Debug|Any CPU
		{14732CDE-8F26-4157-8F33-69A05036D141}.Debug|iPhoneSimulator.Build.0 = Debug|Any CPU
		{14732CDE-8F26-4157-8F33-69A05036D141}.Debug|iPhoneSimulator.Deploy.0 = Debug|Any CPU
		{14732CDE-8F26-4157-8F33-69A05036D141}.Debug|x64.ActiveCfg = Debug|Any CPU
		{14732CDE-8F26-4157-8F33-69A05036D141}.Debug|x64.Build.0 = Debug|Any CPU
		{14732CDE-8F26-4157-8F33-69A05036D141}.Debug|x64.Deploy.0 = Debug|Any CPU
		{14732CDE-8F26-4157-8F33-69A05036D141}.Debug|x86.ActiveCfg = Debug|Any CPU
		{14732CDE-8F26-4157-8F33-69A05036D141}.Debug|x86.Build.0 = Debug|Any CPU
		{14732CDE-8F26-4157-8F33-69A05036D141}.Debug|x86.Deploy.0 = Debug|Any CPU
		{14732CDE-8F26-4157-8F33-69A05036D141}.Release|Any CPU.ActiveCfg = Release|Any CPU
		{14732CDE-8F26-4157-8F33-69A05036D141}.Release|Any CPU.Build.0 = Release|Any CPU
		{14732CDE-8F26-4157-8F33-69A05036D141}.Release|Any CPU.Deploy.0 = Release|Any CPU
		{14732CDE-8F26-4157-8F33-69A05036D141}.Release|ARM.ActiveCfg = Release|Any CPU
		{14732CDE-8F26-4157-8F33-69A05036D141}.Release|ARM.Build.0 = Release|Any CPU
		{14732CDE-8F26-4157-8F33-69A05036D141}.Release|ARM.Deploy.0 = Release|Any CPU
		{14732CDE-8F26-4157-8F33-69A05036D141}.Release|iPhone.ActiveCfg = Release|Any CPU
		{14732CDE-8F26-4157-8F33-69A05036D141}.Release|iPhone.Build.0 = Release|Any CPU
		{14732CDE-8F26-4157-8F33-69A05036D141}.Release|iPhone.Deploy.0 = Release|Any CPU
		{14732CDE-8F26-4157-8F33-69A05036D141}.Release|iPhoneSimulator.ActiveCfg = Release|Any CPU
		{14732CDE-8F26-4157-8F33-69A05036D141}.Release|iPhoneSimulator.Build.0 = Release|Any CPU
		{14732CDE-8F26-4157-8F33-69A05036D141}.Release|iPhoneSimulator.Deploy.0 = Release|Any CPU
		{14732CDE-8F26-4157-8F33-69A05036D141}.Release|x64.ActiveCfg = Release|Any CPU
		{14732CDE-8F26-4157-8F33-69A05036D141}.Release|x64.Build.0 = Release|Any CPU
		{14732CDE-8F26-4157-8F33-69A05036D141}.Release|x64.Deploy.0 = Release|Any CPU
		{14732CDE-8F26-4157-8F33-69A05036D141}.Release|x86.ActiveCfg = Release|Any CPU
		{14732CDE-8F26-4157-8F33-69A05036D141}.Release|x86.Build.0 = Release|Any CPU
		{14732CDE-8F26-4157-8F33-69A05036D141}.Release|x86.Deploy.0 = Release|Any CPU
	EndGlobalSection
	GlobalSection(SolutionProperties) = preSolution
		HideSolutionNode = FALSE
	EndGlobalSection
	GlobalSection(ExtensibilityGlobals) = postSolution
		SolutionGuid = {A06948F0-4D32-410D-9C04-44EB94C8C556}
	EndGlobalSection
EndGlobal
