
Microsoft Visual Studio Solution File, Format Version 12.00
# Visual Studio Version 16
VisualStudioVersion = 16.0.29926.136
MinimumVisualStudioVersion = 10.0.40219.1
Project("{FAE04EC0-301F-11D3-BF4B-00C04F79EFBC}") = "Geolocation.UWP", "Geolocation\Geolocation.UWP\Geolocation.UWP.csproj", "{24B048AC-D080-426A-A09B-FCB080CD8BAF}"
EndProject
Project("{FAE04EC0-301F-11D3-BF4B-00C04F79EFBC}") = "Geolocation.Android", "Geolocation\Geolocation.Android\Geolocation.Android.csproj", "{E923A496-F7DB-4BBE-8303-21D6989B60CD}"
EndProject
Project("{FAE04EC0-301F-11D3-BF4B-00C04F79EFBC}") = "Geolocation.iOS", "Geolocation\Geolocation.iOS\Geolocation.iOS.csproj", "{5DA358F3-50DD-423B-A2E3-9830DDD9AF62}"
EndProject
Project("{FAE04EC0-301F-11D3-BF4B-00C04F79EFBC}") = "Geolocation", "Geolocation\Geolocation\Geolocation.csproj", "{1108ABAF-D2CD-4D71-A184-26215EBE2535}"
EndProject
Global
	GlobalSection(SolutionConfigurationPlatforms) = preSolution
		Debug|Any CPU = Debug|Any CPU
		Debug|ARM = Debug|ARM
		Debug|iPhone = Debug|iPhone
		Debug|iPhoneSimulator = Debug|iPhoneSimulator
		Debug|x64 = Debug|x64
		Debug|x86 = Debug|x86
		Release|Any CPU = Release|Any CPU
		Release|ARM = Release|ARM
		Release|iPhone = Release|iPhone
		Release|iPhoneSimulator = Release|iPhoneSimulator
		Release|x64 = Release|x64
		Release|x86 = Release|x86
	EndGlobalSection
	GlobalSection(ProjectConfigurationPlatforms) = postSolution
		{24B048AC-D080-426A-A09B-FCB080CD8BAF}.Debug|Any CPU.ActiveCfg = Debug|x86
		{24B048AC-D080-426A-A09B-FCB080CD8BAF}.Debug|Any CPU.Build.0 = Debug|x86
		{24B048AC-D080-426A-A09B-FCB080CD8BAF}.Debug|Any CPU.Deploy.0 = Debug|x86
		{24B048AC-D080-426A-A09B-FCB080CD8BAF}.Debug|ARM.ActiveCfg = Debug|ARM
		{24B048AC-D080-426A-A09B-FCB080CD8BAF}.Debug|ARM.Build.0 = Debug|ARM
		{24B048AC-D080-426A-A09B-FCB080CD8BAF}.Debug|ARM.Deploy.0 = Debug|ARM
		{24B048AC-D080-426A-A09B-FCB080CD8BAF}.Debug|iPhone.ActiveCfg = Debug|x86
		{24B048AC-D080-426A-A09B-FCB080CD8BAF}.Debug|iPhone.Build.0 = Debug|x86
		{24B048AC-D080-426A-A09B-FCB080CD8BAF}.Debug|iPhone.Deploy.0 = Debug|x86
		{24B048AC-D080-426A-A09B-FCB080CD8BAF}.Debug|iPhoneSimulator.ActiveCfg = Debug|x86
		{24B048AC-D080-426A-A09B-FCB080CD8BAF}.Debug|iPhoneSimulator.Build.0 = Debug|x86
		{24B048AC-D080-426A-A09B-FCB080CD8BAF}.Debug|iPhoneSimulator.Deploy.0 = Debug|x86
		{24B048AC-D080-426A-A09B-FCB080CD8BAF}.Debug|x64.ActiveCfg = Debug|x64
		{24B048AC-D080-426A-A09B-FCB080CD8BAF}.Debug|x64.Build.0 = Debug|x64
		{24B048AC-D080-426A-A09B-FCB080CD8BAF}.Debug|x64.Deploy.0 = Debug|x64
		{24B048AC-D080-426A-A09B-FCB080CD8BAF}.Debug|x86.ActiveCfg = Debug|x86
		{24B048AC-D080-426A-A09B-FCB080CD8BAF}.Debug|x86.Build.0 = Debug|x86
		{24B048AC-D080-426A-A09B-FCB080CD8BAF}.Debug|x86.Deploy.0 = Debug|x86
		{24B048AC-D080-426A-A09B-FCB080CD8BAF}.Release|Any CPU.ActiveCfg = Release|x86
		{24B048AC-D080-426A-A09B-FCB080CD8BAF}.Release|Any CPU.Build.0 = Release|x86
		{24B048AC-D080-426A-A09B-FCB080CD8BAF}.Release|Any CPU.Deploy.0 = Release|x86
		{24B048AC-D080-426A-A09B-FCB080CD8BAF}.Release|ARM.ActiveCfg = Release|ARM
		{24B048AC-D080-426A-A09B-FCB080CD8BAF}.Release|ARM.Build.0 = Release|ARM
		{24B048AC-D080-426A-A09B-FCB080CD8BAF}.Release|ARM.Deploy.0 = Release|ARM
		{24B048AC-D080-426A-A09B-FCB080CD8BAF}.Release|iPhone.ActiveCfg = Release|x86
		{24B048AC-D080-426A-A09B-FCB080CD8BAF}.Release|iPhone.Build.0 = Release|x86
		{24B048AC-D080-426A-A09B-FCB080CD8BAF}.Release|iPhone.Deploy.0 = Release|x86
		{24B048AC-D080-426A-A09B-FCB080CD8BAF}.Release|iPhoneSimulator.ActiveCfg = Release|x86
		{24B048AC-D080-426A-A09B-FCB080CD8BAF}.Release|iPhoneSimulator.Build.0 = Release|x86
		{24B048AC-D080-426A-A09B-FCB080CD8BAF}.Release|iPhoneSimulator.Deploy.0 = Release|x86
		{24B048AC-D080-426A-A09B-FCB080CD8BAF}.Release|x64.ActiveCfg = Release|x64
		{24B048AC-D080-426A-A09B-FCB080CD8BAF}.Release|x64.Build.0 = Release|x64
		{24B048AC-D080-426A-A09B-FCB080CD8BAF}.Release|x64.Deploy.0 = Release|x64
		{24B048AC-D080-426A-A09B-FCB080CD8BAF}.Release|x86.ActiveCfg = Release|x86
		{24B048AC-D080-426A-A09B-FCB080CD8BAF}.Release|x86.Build.0 = Release|x86
		{24B048AC-D080-426A-A09B-FCB080CD8BAF}.Release|x86.Deploy.0 = Release|x86
		{E923A496-F7DB-4BBE-8303-21D6989B60CD}.Debug|Any CPU.ActiveCfg = Debug|Any CPU
		{E923A496-F7DB-4BBE-8303-21D6989B60CD}.Debug|Any CPU.Build.0 = Debug|Any CPU
		{E923A496-F7DB-4BBE-8303-21D6989B60CD}.Debug|Any CPU.Deploy.0 = Debug|Any CPU
		{E923A496-F7DB-4BBE-8303-21D6989B60CD}.Debug|ARM.ActiveCfg = Debug|Any CPU
		{E923A496-F7DB-4BBE-8303-21D6989B60CD}.Debug|ARM.Build.0 = Debug|Any CPU
		{E923A496-F7DB-4BBE-8303-21D6989B60CD}.Debug|ARM.Deploy.0 = Debug|Any CPU
		{E923A496-F7DB-4BBE-8303-21D6989B60CD}.Debug|iPhone.ActiveCfg = Debug|Any CPU
		{E923A496-F7DB-4BBE-8303-21D6989B60CD}.Debug|iPhone.Build.0 = Debug|Any CPU
		{E923A496-F7DB-4BBE-8303-21D6989B60CD}.Debug|iPhone.Deploy.0 = Debug|Any CPU
		{E923A496-F7DB-4BBE-8303-21D6989B60CD}.Debug|iPhoneSimulator.ActiveCfg = Debug|Any CPU
		{E923A496-F7DB-4BBE-8303-21D6989B60CD}.Debug|iPhoneSimulator.Build.0 = Debug|Any CPU
		{E923A496-F7DB-4BBE-8303-21D6989B60CD}.Debug|iPhoneSimulator.Deploy.0 = Debug|Any CPU
		{E923A496-F7DB-4BBE-8303-21D6989B60CD}.Debug|x64.ActiveCfg = Debug|Any CPU
		{E923A496-F7DB-4BBE-8303-21D6989B60CD}.Debug|x64.Build.0 = Debug|Any CPU
		{E923A496-F7DB-4BBE-8303-21D6989B60CD}.Debug|x64.Deploy.0 = Debug|Any CPU
		{E923A496-F7DB-4BBE-8303-21D6989B60CD}.Debug|x86.ActiveCfg = Debug|Any CPU
		{E923A496-F7DB-4BBE-8303-21D6989B60CD}.Debug|x86.Build.0 = Debug|Any CPU
		{E923A496-F7DB-4BBE-8303-21D6989B60CD}.Debug|x86.Deploy.0 = Debug|Any CPU
		{E923A496-F7DB-4BBE-8303-21D6989B60CD}.Release|Any CPU.ActiveCfg = Release|Any CPU
		{E923A496-F7DB-4BBE-8303-21D6989B60CD}.Release|Any CPU.Build.0 = Release|Any CPU
		{E923A496-F7DB-4BBE-8303-21D6989B60CD}.Release|Any CPU.Deploy.0 = Release|Any CPU
		{E923A496-F7DB-4BBE-8303-21D6989B60CD}.Release|ARM.ActiveCfg = Release|Any CPU
		{E923A496-F7DB-4BBE-8303-21D6989B60CD}.Release|ARM.Build.0 = Release|Any CPU
		{E923A496-F7DB-4BBE-8303-21D6989B60CD}.Release|ARM.Deploy.0 = Release|Any CPU
		{E923A496-F7DB-4BBE-8303-21D6989B60CD}.Release|iPhone.ActiveCfg = Release|Any CPU
		{E923A496-F7DB-4BBE-8303-21D6989B60CD}.Release|iPhone.Build.0 = Release|Any CPU
		{E923A496-F7DB-4BBE-8303-21D6989B60CD}.Release|iPhone.Deploy.0 = Release|Any CPU
		{E923A496-F7DB-4BBE-8303-21D6989B60CD}.Release|iPhoneSimulator.ActiveCfg = Release|Any CPU
		{E923A496-F7DB-4BBE-8303-21D6989B60CD}.Release|iPhoneSimulator.Build.0 = Release|Any CPU
		{E923A496-F7DB-4BBE-8303-21D6989B60CD}.Release|iPhoneSimulator.Deploy.0 = Release|Any CPU
		{E923A496-F7DB-4BBE-8303-21D6989B60CD}.Release|x64.ActiveCfg = Release|Any CPU
		{E923A496-F7DB-4BBE-8303-21D6989B60CD}.Release|x64.Build.0 = Release|Any CPU
		{E923A496-F7DB-4BBE-8303-21D6989B60CD}.Release|x64.Deploy.0 = Release|Any CPU
		{E923A496-F7DB-4BBE-8303-21D6989B60CD}.Release|x86.ActiveCfg = Release|Any CPU
		{E923A496-F7DB-4BBE-8303-21D6989B60CD}.Release|x86.Build.0 = Release|Any CPU
		{E923A496-F7DB-4BBE-8303-21D6989B60CD}.Release|x86.Deploy.0 = Release|Any CPU
		{5DA358F3-50DD-423B-A2E3-9830DDD9AF62}.Debug|Any CPU.ActiveCfg = Debug|iPhone
		{5DA358F3-50DD-423B-A2E3-9830DDD9AF62}.Debug|Any CPU.Build.0 = Debug|iPhone
		{5DA358F3-50DD-423B-A2E3-9830DDD9AF62}.Debug|Any CPU.Deploy.0 = Debug|iPhone
		{5DA358F3-50DD-423B-A2E3-9830DDD9AF62}.Debug|ARM.ActiveCfg = Debug|iPhone
		{5DA358F3-50DD-423B-A2E3-9830DDD9AF62}.Debug|ARM.Build.0 = Debug|iPhone
		{5DA358F3-50DD-423B-A2E3-9830DDD9AF62}.Debug|ARM.Deploy.0 = Debug|iPhone
		{5DA358F3-50DD-423B-A2E3-9830DDD9AF62}.Debug|iPhone.ActiveCfg = Debug|iPhone
		{5DA358F3-50DD-423B-A2E3-9830DDD9AF62}.Debug|iPhone.Build.0 = Debug|iPhone
		{5DA358F3-50DD-423B-A2E3-9830DDD9AF62}.Debug|iPhone.Deploy.0 = Debug|iPhone
		{5DA358F3-50DD-423B-A2E3-9830DDD9AF62}.Debug|iPhoneSimulator.ActiveCfg = Debug|iPhoneSimulator
		{5DA358F3-50DD-423B-A2E3-9830DDD9AF62}.Debug|iPhoneSimulator.Build.0 = Debug|iPhoneSimulator
		{5DA358F3-50DD-423B-A2E3-9830DDD9AF62}.Debug|iPhoneSimulator.Deploy.0 = Debug|iPhoneSimulator
		{5DA358F3-50DD-423B-A2E3-9830DDD9AF62}.Debug|x64.ActiveCfg = Debug|iPhone
		{5DA358F3-50DD-423B-A2E3-9830DDD9AF62}.Debug|x64.Build.0 = Debug|iPhone
		{5DA358F3-50DD-423B-A2E3-9830DDD9AF62}.Debug|x64.Deploy.0 = Debug|iPhone
		{5DA358F3-50DD-423B-A2E3-9830DDD9AF62}.Debug|x86.ActiveCfg = Debug|iPhone
		{5DA358F3-50DD-423B-A2E3-9830DDD9AF62}.Debug|x86.Build.0 = Debug|iPhone
		{5DA358F3-50DD-423B-A2E3-9830DDD9AF62}.Debug|x86.Deploy.0 = Debug|iPhone
		{5DA358F3-50DD-423B-A2E3-9830DDD9AF62}.Release|Any CPU.ActiveCfg = Release|iPhone
		{5DA358F3-50DD-423B-A2E3-9830DDD9AF62}.Release|Any CPU.Build.0 = Release|iPhone
		{5DA358F3-50DD-423B-A2E3-9830DDD9AF62}.Release|Any CPU.Deploy.0 = Release|iPhone
		{5DA358F3-50DD-423B-A2E3-9830DDD9AF62}.Release|ARM.ActiveCfg = Release|iPhone
		{5DA358F3-50DD-423B-A2E3-9830DDD9AF62}.Release|ARM.Build.0 = Release|iPhone
		{5DA358F3-50DD-423B-A2E3-9830DDD9AF62}.Release|ARM.Deploy.0 = Release|iPhone
		{5DA358F3-50DD-423B-A2E3-9830DDD9AF62}.Release|iPhone.ActiveCfg = Release|iPhone
		{5DA358F3-50DD-423B-A2E3-9830DDD9AF62}.Release|iPhone.Build.0 = Release|iPhone
		{5DA358F3-50DD-423B-A2E3-9830DDD9AF62}.Release|iPhone.Deploy.0 = Release|iPhone
		{5DA358F3-50DD-423B-A2E3-9830DDD9AF62}.Release|iPhoneSimulator.ActiveCfg = Release|iPhoneSimulator
		{5DA358F3-50DD-423B-A2E3-9830DDD9AF62}.Release|iPhoneSimulator.Build.0 = Release|iPhoneSimulator
		{5DA358F3-50DD-423B-A2E3-9830DDD9AF62}.Release|iPhoneSimulator.Deploy.0 = Release|iPhoneSimulator
		{5DA358F3-50DD-423B-A2E3-9830DDD9AF62}.Release|x64.ActiveCfg = Release|iPhone
		{5DA358F3-50DD-423B-A2E3-9830DDD9AF62}.Release|x64.Build.0 = Release|iPhone
		{5DA358F3-50DD-423B-A2E3-9830DDD9AF62}.Release|x64.Deploy.0 = Release|iPhone
		{5DA358F3-50DD-423B-A2E3-9830DDD9AF62}.Release|x86.ActiveCfg = Release|iPhone
		{5DA358F3-50DD-423B-A2E3-9830DDD9AF62}.Release|x86.Build.0 = Release|iPhone
		{5DA358F3-50DD-423B-A2E3-9830DDD9AF62}.Release|x86.Deploy.0 = Release|iPhone
		{1108ABAF-D2CD-4D71-A184-26215EBE2535}.Debug|Any CPU.ActiveCfg = Debug|Any CPU
		{1108ABAF-D2CD-4D71-A184-26215EBE2535}.Debug|Any CPU.Build.0 = Debug|Any CPU
		{1108ABAF-D2CD-4D71-A184-26215EBE2535}.Debug|Any CPU.Deploy.0 = Debug|Any CPU
		{1108ABAF-D2CD-4D71-A184-26215EBE2535}.Debug|ARM.ActiveCfg = Debug|Any CPU
		{1108ABAF-D2CD-4D71-A184-26215EBE2535}.Debug|ARM.Build.0 = Debug|Any CPU
		{1108ABAF-D2CD-4D71-A184-26215EBE2535}.Debug|ARM.Deploy.0 = Debug|Any CPU
		{1108ABAF-D2CD-4D71-A184-26215EBE2535}.Debug|iPhone.ActiveCfg = Debug|Any CPU
		{1108ABAF-D2CD-4D71-A184-26215EBE2535}.Debug|iPhone.Build.0 = Debug|Any CPU
		{1108ABAF-D2CD-4D71-A184-26215EBE2535}.Debug|iPhone.Deploy.0 = Debug|Any CPU
		{1108ABAF-D2CD-4D71-A184-26215EBE2535}.Debug|iPhoneSimulator.ActiveCfg = Debug|Any CPU
		{1108ABAF-D2CD-4D71-A184-26215EBE2535}.Debug|iPhoneSimulator.Build.0 = Debug|Any CPU
		{1108ABAF-D2CD-4D71-A184-26215EBE2535}.Debug|iPhoneSimulator.Deploy.0 = Debug|Any CPU
		{1108ABAF-D2CD-4D71-A184-26215EBE2535}.Debug|x64.ActiveCfg = Debug|Any CPU
		{1108ABAF-D2CD-4D71-A184-26215EBE2535}.Debug|x64.Build.0 = Debug|Any CPU
		{1108ABAF-D2CD-4D71-A184-26215EBE2535}.Debug|x64.Deploy.0 = Debug|Any CPU
		{1108ABAF-D2CD-4D71-A184-26215EBE2535}.Debug|x86.ActiveCfg = Debug|Any CPU
		{1108ABAF-D2CD-4D71-A184-26215EBE2535}.Debug|x86.Build.0 = Debug|Any CPU
		{1108ABAF-D2CD-4D71-A184-26215EBE2535}.Debug|x86.Deploy.0 = Debug|Any CPU
		{1108ABAF-D2CD-4D71-A184-26215EBE2535}.Release|Any CPU.ActiveCfg = Release|Any CPU
		{1108ABAF-D2CD-4D71-A184-26215EBE2535}.Release|Any CPU.Build.0 = Release|Any CPU
		{1108ABAF-D2CD-4D71-A184-26215EBE2535}.Release|Any CPU.Deploy.0 = Release|Any CPU
		{1108ABAF-D2CD-4D71-A184-26215EBE2535}.Release|ARM.ActiveCfg = Release|Any CPU
		{1108ABAF-D2CD-4D71-A184-26215EBE2535}.Release|ARM.Build.0 = Release|Any CPU
		{1108ABAF-D2CD-4D71-A184-26215EBE2535}.Release|ARM.Deploy.0 = Release|Any CPU
		{1108ABAF-D2CD-4D71-A184-26215EBE2535}.Release|iPhone.ActiveCfg = Release|Any CPU
		{1108ABAF-D2CD-4D71-A184-26215EBE2535}.Release|iPhone.Build.0 = Release|Any CPU
		{1108ABAF-D2CD-4D71-A184-26215EBE2535}.Release|iPhone.Deploy.0 = Release|Any CPU
		{1108ABAF-D2CD-4D71-A184-26215EBE2535}.Release|iPhoneSimulator.ActiveCfg = Release|Any CPU
		{1108ABAF-D2CD-4D71-A184-26215EBE2535}.Release|iPhoneSimulator.Build.0 = Release|Any CPU
		{1108ABAF-D2CD-4D71-A184-26215EBE2535}.Release|iPhoneSimulator.Deploy.0 = Release|Any CPU
		{1108ABAF-D2CD-4D71-A184-26215EBE2535}.Release|x64.ActiveCfg = Release|Any CPU
		{1108ABAF-D2CD-4D71-A184-26215EBE2535}.Release|x64.Build.0 = Release|Any CPU
		{1108ABAF-D2CD-4D71-A184-26215EBE2535}.Release|x64.Deploy.0 = Release|Any CPU
		{1108ABAF-D2CD-4D71-A184-26215EBE2535}.Release|x86.ActiveCfg = Release|Any CPU
		{1108ABAF-D2CD-4D71-A184-26215EBE2535}.Release|x86.Build.0 = Release|Any CPU
		{1108ABAF-D2CD-4D71-A184-26215EBE2535}.Release|x86.Deploy.0 = Release|Any CPU
	EndGlobalSection
	GlobalSection(SolutionProperties) = preSolution
		HideSolutionNode = FALSE
	EndGlobalSection
	GlobalSection(ExtensibilityGlobals) = postSolution
		SolutionGuid = {0B901EE0-F19B-4E63-B719-AF32E29776E7}
	EndGlobalSection
EndGlobal
