
Microsoft Visual Studio Solution File, Format Version 12.00
# Visual Studio Version 16
VisualStudioVersion = 16.0.29728.190
MinimumVisualStudioVersion = 10.0.40219.1
Project("{FAE04EC0-301F-11D3-BF4B-00C04F79EFBC}") = "MiPrimeraApp.UWP", "MiPrimeraApp\MiPrimeraApp.UWP\MiPrimeraApp.UWP.csproj", "{E7F382AE-28E6-4DF2-A4A2-04558AFC2308}"
EndProject
Project("{FAE04EC0-301F-11D3-BF4B-00C04F79EFBC}") = "MiPrimeraApp.Android", "MiPrimeraApp\MiPrimeraApp.Android\MiPrimeraApp.Android.csproj", "{510D4128-AA14-4AE2-A80D-A9D6BFE721AF}"
EndProject
Project("{FAE04EC0-301F-11D3-BF4B-00C04F79EFBC}") = "MiPrimeraApp.iOS", "MiPrimeraApp\MiPrimeraApp.iOS\MiPrimeraApp.iOS.csproj", "{67A68505-2D66-43CD-AC74-5FC130AEACC9}"
EndProject
Project("{FAE04EC0-301F-11D3-BF4B-00C04F79EFBC}") = "MiPrimeraApp", "MiPrimeraApp\MiPrimeraApp\MiPrimeraApp.csproj", "{72A4AB1C-83D4-469E-A18E-085FA4E9343E}"
EndProject
Global
	GlobalSection(SolutionConfigurationPlatforms) = preSolution
		Debug|Any CPU = Debug|Any CPU
		Debug|ARM = Debug|ARM
		Debug|iPhone = Debug|iPhone
		Debug|iPhoneSimulator = Debug|iPhoneSimulator
		Debug|x64 = Debug|x64
		Debug|x86 = Debug|x86
		Release|Any CPU = Release|Any CPU
		Release|ARM = Release|ARM
		Release|iPhone = Release|iPhone
		Release|iPhoneSimulator = Release|iPhoneSimulator
		Release|x64 = Release|x64
		Release|x86 = Release|x86
	EndGlobalSection
	GlobalSection(ProjectConfigurationPlatforms) = postSolution
		{E7F382AE-28E6-4DF2-A4A2-04558AFC2308}.Debug|Any CPU.ActiveCfg = Debug|x86
		{E7F382AE-28E6-4DF2-A4A2-04558AFC2308}.Debug|Any CPU.Build.0 = Debug|x86
		{E7F382AE-28E6-4DF2-A4A2-04558AFC2308}.Debug|Any CPU.Deploy.0 = Debug|x86
		{E7F382AE-28E6-4DF2-A4A2-04558AFC2308}.Debug|ARM.ActiveCfg = Debug|ARM
		{E7F382AE-28E6-4DF2-A4A2-04558AFC2308}.Debug|ARM.Build.0 = Debug|ARM
		{E7F382AE-28E6-4DF2-A4A2-04558AFC2308}.Debug|ARM.Deploy.0 = Debug|ARM
		{E7F382AE-28E6-4DF2-A4A2-04558AFC2308}.Debug|iPhone.ActiveCfg = Debug|x86
		{E7F382AE-28E6-4DF2-A4A2-04558AFC2308}.Debug|iPhone.Build.0 = Debug|x86
		{E7F382AE-28E6-4DF2-A4A2-04558AFC2308}.Debug|iPhone.Deploy.0 = Debug|x86
		{E7F382AE-28E6-4DF2-A4A2-04558AFC2308}.Debug|iPhoneSimulator.ActiveCfg = Debug|x86
		{E7F382AE-28E6-4DF2-A4A2-04558AFC2308}.Debug|iPhoneSimulator.Build.0 = Debug|x86
		{E7F382AE-28E6-4DF2-A4A2-04558AFC2308}.Debug|iPhoneSimulator.Deploy.0 = Debug|x86
		{E7F382AE-28E6-4DF2-A4A2-04558AFC2308}.Debug|x64.ActiveCfg = Debug|x64
		{E7F382AE-28E6-4DF2-A4A2-04558AFC2308}.Debug|x64.Build.0 = Debug|x64
		{E7F382AE-28E6-4DF2-A4A2-04558AFC2308}.Debug|x64.Deploy.0 = Debug|x64
		{E7F382AE-28E6-4DF2-A4A2-04558AFC2308}.Debug|x86.ActiveCfg = Debug|x86
		{E7F382AE-28E6-4DF2-A4A2-04558AFC2308}.Debug|x86.Build.0 = Debug|x86
		{E7F382AE-28E6-4DF2-A4A2-04558AFC2308}.Debug|x86.Deploy.0 = Debug|x86
		{E7F382AE-28E6-4DF2-A4A2-04558AFC2308}.Release|Any CPU.ActiveCfg = Release|x86
		{E7F382AE-28E6-4DF2-A4A2-04558AFC2308}.Release|Any CPU.Build.0 = Release|x86
		{E7F382AE-28E6-4DF2-A4A2-04558AFC2308}.Release|Any CPU.Deploy.0 = Release|x86
		{E7F382AE-28E6-4DF2-A4A2-04558AFC2308}.Release|ARM.ActiveCfg = Release|ARM
		{E7F382AE-28E6-4DF2-A4A2-04558AFC2308}.Release|ARM.Build.0 = Release|ARM
		{E7F382AE-28E6-4DF2-A4A2-04558AFC2308}.Release|ARM.Deploy.0 = Release|ARM
		{E7F382AE-28E6-4DF2-A4A2-04558AFC2308}.Release|iPhone.ActiveCfg = Release|x86
		{E7F382AE-28E6-4DF2-A4A2-04558AFC2308}.Release|iPhone.Build.0 = Release|x86
		{E7F382AE-28E6-4DF2-A4A2-04558AFC2308}.Release|iPhone.Deploy.0 = Release|x86
		{E7F382AE-28E6-4DF2-A4A2-04558AFC2308}.Release|iPhoneSimulator.ActiveCfg = Release|x86
		{E7F382AE-28E6-4DF2-A4A2-04558AFC2308}.Release|iPhoneSimulator.Build.0 = Release|x86
		{E7F382AE-28E6-4DF2-A4A2-04558AFC2308}.Release|iPhoneSimulator.Deploy.0 = Release|x86
		{E7F382AE-28E6-4DF2-A4A2-04558AFC2308}.Release|x64.ActiveCfg = Release|x64
		{E7F382AE-28E6-4DF2-A4A2-04558AFC2308}.Release|x64.Build.0 = Release|x64
		{E7F382AE-28E6-4DF2-A4A2-04558AFC2308}.Release|x64.Deploy.0 = Release|x64
		{E7F382AE-28E6-4DF2-A4A2-04558AFC2308}.Release|x86.ActiveCfg = Release|x86
		{E7F382AE-28E6-4DF2-A4A2-04558AFC2308}.Release|x86.Build.0 = Release|x86
		{E7F382AE-28E6-4DF2-A4A2-04558AFC2308}.Release|x86.Deploy.0 = Release|x86
		{510D4128-AA14-4AE2-A80D-A9D6BFE721AF}.Debug|Any CPU.ActiveCfg = Debug|Any CPU
		{510D4128-AA14-4AE2-A80D-A9D6BFE721AF}.Debug|Any CPU.Build.0 = Debug|Any CPU
		{510D4128-AA14-4AE2-A80D-A9D6BFE721AF}.Debug|Any CPU.Deploy.0 = Debug|Any CPU
		{510D4128-AA14-4AE2-A80D-A9D6BFE721AF}.Debug|ARM.ActiveCfg = Debug|Any CPU
		{510D4128-AA14-4AE2-A80D-A9D6BFE721AF}.Debug|ARM.Build.0 = Debug|Any CPU
		{510D4128-AA14-4AE2-A80D-A9D6BFE721AF}.Debug|ARM.Deploy.0 = Debug|Any CPU
		{510D4128-AA14-4AE2-A80D-A9D6BFE721AF}.Debug|iPhone.ActiveCfg = Debug|Any CPU
		{510D4128-AA14-4AE2-A80D-A9D6BFE721AF}.Debug|iPhone.Build.0 = Debug|Any CPU
		{510D4128-AA14-4AE2-A80D-A9D6BFE721AF}.Debug|iPhone.Deploy.0 = Debug|Any CPU
		{510D4128-AA14-4AE2-A80D-A9D6BFE721AF}.Debug|iPhoneSimulator.ActiveCfg = Debug|Any CPU
		{510D4128-AA14-4AE2-A80D-A9D6BFE721AF}.Debug|iPhoneSimulator.Build.0 = Debug|Any CPU
		{510D4128-AA14-4AE2-A80D-A9D6BFE721AF}.Debug|iPhoneSimulator.Deploy.0 = Debug|Any CPU
		{510D4128-AA14-4AE2-A80D-A9D6BFE721AF}.Debug|x64.ActiveCfg = Debug|Any CPU
		{510D4128-AA14-4AE2-A80D-A9D6BFE721AF}.Debug|x64.Build.0 = Debug|Any CPU
		{510D4128-AA14-4AE2-A80D-A9D6BFE721AF}.Debug|x64.Deploy.0 = Debug|Any CPU
		{510D4128-AA14-4AE2-A80D-A9D6BFE721AF}.Debug|x86.ActiveCfg = Debug|Any CPU
		{510D4128-AA14-4AE2-A80D-A9D6BFE721AF}.Debug|x86.Build.0 = Debug|Any CPU
		{510D4128-AA14-4AE2-A80D-A9D6BFE721AF}.Debug|x86.Deploy.0 = Debug|Any CPU
		{510D4128-AA14-4AE2-A80D-A9D6BFE721AF}.Release|Any CPU.ActiveCfg = Release|Any CPU
		{510D4128-AA14-4AE2-A80D-A9D6BFE721AF}.Release|Any CPU.Build.0 = Release|Any CPU
		{510D4128-AA14-4AE2-A80D-A9D6BFE721AF}.Release|Any CPU.Deploy.0 = Release|Any CPU
		{510D4128-AA14-4AE2-A80D-A9D6BFE721AF}.Release|ARM.ActiveCfg = Release|Any CPU
		{510D4128-AA14-4AE2-A80D-A9D6BFE721AF}.Release|ARM.Build.0 = Release|Any CPU
		{510D4128-AA14-4AE2-A80D-A9D6BFE721AF}.Release|ARM.Deploy.0 = Release|Any CPU
		{510D4128-AA14-4AE2-A80D-A9D6BFE721AF}.Release|iPhone.ActiveCfg = Release|Any CPU
		{510D4128-AA14-4AE2-A80D-A9D6BFE721AF}.Release|iPhone.Build.0 = Release|Any CPU
		{510D4128-AA14-4AE2-A80D-A9D6BFE721AF}.Release|iPhone.Deploy.0 = Release|Any CPU
		{510D4128-AA14-4AE2-A80D-A9D6BFE721AF}.Release|iPhoneSimulator.ActiveCfg = Release|Any CPU
		{510D4128-AA14-4AE2-A80D-A9D6BFE721AF}.Release|iPhoneSimulator.Build.0 = Release|Any CPU
		{510D4128-AA14-4AE2-A80D-A9D6BFE721AF}.Release|iPhoneSimulator.Deploy.0 = Release|Any CPU
		{510D4128-AA14-4AE2-A80D-A9D6BFE721AF}.Release|x64.ActiveCfg = Release|Any CPU
		{510D4128-AA14-4AE2-A80D-A9D6BFE721AF}.Release|x64.Build.0 = Release|Any CPU
		{510D4128-AA14-4AE2-A80D-A9D6BFE721AF}.Release|x64.Deploy.0 = Release|Any CPU
		{510D4128-AA14-4AE2-A80D-A9D6BFE721AF}.Release|x86.ActiveCfg = Release|Any CPU
		{510D4128-AA14-4AE2-A80D-A9D6BFE721AF}.Release|x86.Build.0 = Release|Any CPU
		{510D4128-AA14-4AE2-A80D-A9D6BFE721AF}.Release|x86.Deploy.0 = Release|Any CPU
		{67A68505-2D66-43CD-AC74-5FC130AEACC9}.Debug|Any CPU.ActiveCfg = Debug|iPhone
		{67A68505-2D66-43CD-AC74-5FC130AEACC9}.Debug|Any CPU.Build.0 = Debug|iPhone
		{67A68505-2D66-43CD-AC74-5FC130AEACC9}.Debug|Any CPU.Deploy.0 = Debug|iPhone
		{67A68505-2D66-43CD-AC74-5FC130AEACC9}.Debug|ARM.ActiveCfg = Debug|iPhoneSimulator
		{67A68505-2D66-43CD-AC74-5FC130AEACC9}.Debug|ARM.Build.0 = Debug|iPhoneSimulator
		{67A68505-2D66-43CD-AC74-5FC130AEACC9}.Debug|ARM.Deploy.0 = Debug|iPhoneSimulator
		{67A68505-2D66-43CD-AC74-5FC130AEACC9}.Debug|iPhone.ActiveCfg = Debug|iPhone
		{67A68505-2D66-43CD-AC74-5FC130AEACC9}.Debug|iPhone.Build.0 = Debug|iPhone
		{67A68505-2D66-43CD-AC74-5FC130AEACC9}.Debug|iPhone.Deploy.0 = Debug|iPhone
		{67A68505-2D66-43CD-AC74-5FC130AEACC9}.Debug|iPhoneSimulator.ActiveCfg = Debug|iPhoneSimulator
		{67A68505-2D66-43CD-AC74-5FC130AEACC9}.Debug|iPhoneSimulator.Build.0 = Debug|iPhoneSimulator
		{67A68505-2D66-43CD-AC74-5FC130AEACC9}.Debug|iPhoneSimulator.Deploy.0 = Debug|iPhoneSimulator
		{67A68505-2D66-43CD-AC74-5FC130AEACC9}.Debug|x64.ActiveCfg = Debug|iPhone
		{67A68505-2D66-43CD-AC74-5FC130AEACC9}.Debug|x64.Build.0 = Debug|iPhone
		{67A68505-2D66-43CD-AC74-5FC130AEACC9}.Debug|x64.Deploy.0 = Debug|iPhone
		{67A68505-2D66-43CD-AC74-5FC130AEACC9}.Debug|x86.ActiveCfg = Debug|iPhone
		{67A68505-2D66-43CD-AC74-5FC130AEACC9}.Debug|x86.Build.0 = Debug|iPhone
		{67A68505-2D66-43CD-AC74-5FC130AEACC9}.Debug|x86.Deploy.0 = Debug|iPhone
		{67A68505-2D66-43CD-AC74-5FC130AEACC9}.Release|Any CPU.ActiveCfg = Release|iPhone
		{67A68505-2D66-43CD-AC74-5FC130AEACC9}.Release|Any CPU.Build.0 = Release|iPhone
		{67A68505-2D66-43CD-AC74-5FC130AEACC9}.Release|Any CPU.Deploy.0 = Release|iPhone
		{67A68505-2D66-43CD-AC74-5FC130AEACC9}.Release|ARM.ActiveCfg = Release|iPhone
		{67A68505-2D66-43CD-AC74-5FC130AEACC9}.Release|ARM.Build.0 = Release|iPhone
		{67A68505-2D66-43CD-AC74-5FC130AEACC9}.Release|ARM.Deploy.0 = Release|iPhone
		{67A68505-2D66-43CD-AC74-5FC130AEACC9}.Release|iPhone.ActiveCfg = Release|iPhone
		{67A68505-2D66-43CD-AC74-5FC130AEACC9}.Release|iPhone.Build.0 = Release|iPhone
		{67A68505-2D66-43CD-AC74-5FC130AEACC9}.Release|iPhone.Deploy.0 = Release|iPhone
		{67A68505-2D66-43CD-AC74-5FC130AEACC9}.Release|iPhoneSimulator.ActiveCfg = Release|iPhoneSimulator
		{67A68505-2D66-43CD-AC74-5FC130AEACC9}.Release|iPhoneSimulator.Build.0 = Release|iPhoneSimulator
		{67A68505-2D66-43CD-AC74-5FC130AEACC9}.Release|iPhoneSimulator.Deploy.0 = Release|iPhoneSimulator
		{67A68505-2D66-43CD-AC74-5FC130AEACC9}.Release|x64.ActiveCfg = Release|iPhone
		{67A68505-2D66-43CD-AC74-5FC130AEACC9}.Release|x64.Build.0 = Release|iPhone
		{67A68505-2D66-43CD-AC74-5FC130AEACC9}.Release|x64.Deploy.0 = Release|iPhone
		{67A68505-2D66-43CD-AC74-5FC130AEACC9}.Release|x86.ActiveCfg = Release|iPhone
		{67A68505-2D66-43CD-AC74-5FC130AEACC9}.Release|x86.Build.0 = Release|iPhone
		{67A68505-2D66-43CD-AC74-5FC130AEACC9}.Release|x86.Deploy.0 = Release|iPhone
		{72A4AB1C-83D4-469E-A18E-085FA4E9343E}.Debug|Any CPU.ActiveCfg = Debug|Any CPU
		{72A4AB1C-83D4-469E-A18E-085FA4E9343E}.Debug|Any CPU.Build.0 = Debug|Any CPU
		{72A4AB1C-83D4-469E-A18E-085FA4E9343E}.Debug|Any CPU.Deploy.0 = Debug|Any CPU
		{72A4AB1C-83D4-469E-A18E-085FA4E9343E}.Debug|ARM.ActiveCfg = Debug|Any CPU
		{72A4AB1C-83D4-469E-A18E-085FA4E9343E}.Debug|ARM.Build.0 = Debug|Any CPU
		{72A4AB1C-83D4-469E-A18E-085FA4E9343E}.Debug|ARM.Deploy.0 = Debug|Any CPU
		{72A4AB1C-83D4-469E-A18E-085FA4E9343E}.Debug|iPhone.ActiveCfg = Debug|Any CPU
		{72A4AB1C-83D4-469E-A18E-085FA4E9343E}.Debug|iPhone.Build.0 = Debug|Any CPU
		{72A4AB1C-83D4-469E-A18E-085FA4E9343E}.Debug|iPhone.Deploy.0 = Debug|Any CPU
		{72A4AB1C-83D4-469E-A18E-085FA4E9343E}.Debug|iPhoneSimulator.ActiveCfg = Debug|Any CPU
		{72A4AB1C-83D4-469E-A18E-085FA4E9343E}.Debug|iPhoneSimulator.Build.0 = Debug|Any CPU
		{72A4AB1C-83D4-469E-A18E-085FA4E9343E}.Debug|iPhoneSimulator.Deploy.0 = Debug|Any CPU
		{72A4AB1C-83D4-469E-A18E-085FA4E9343E}.Debug|x64.ActiveCfg = Debug|Any CPU
		{72A4AB1C-83D4-469E-A18E-085FA4E9343E}.Debug|x64.Build.0 = Debug|Any CPU
		{72A4AB1C-83D4-469E-A18E-085FA4E9343E}.Debug|x64.Deploy.0 = Debug|Any CPU
		{72A4AB1C-83D4-469E-A18E-085FA4E9343E}.Debug|x86.ActiveCfg = Debug|Any CPU
		{72A4AB1C-83D4-469E-A18E-085FA4E9343E}.Debug|x86.Build.0 = Debug|Any CPU
		{72A4AB1C-83D4-469E-A18E-085FA4E9343E}.Debug|x86.Deploy.0 = Debug|Any CPU
		{72A4AB1C-83D4-469E-A18E-085FA4E9343E}.Release|Any CPU.ActiveCfg = Release|Any CPU
		{72A4AB1C-83D4-469E-A18E-085FA4E9343E}.Release|Any CPU.Build.0 = Release|Any CPU
		{72A4AB1C-83D4-469E-A18E-085FA4E9343E}.Release|Any CPU.Deploy.0 = Release|Any CPU
		{72A4AB1C-83D4-469E-A18E-085FA4E9343E}.Release|ARM.ActiveCfg = Release|Any CPU
		{72A4AB1C-83D4-469E-A18E-085FA4E9343E}.Release|ARM.Build.0 = Release|Any CPU
		{72A4AB1C-83D4-469E-A18E-085FA4E9343E}.Release|ARM.Deploy.0 = Release|Any CPU
		{72A4AB1C-83D4-469E-A18E-085FA4E9343E}.Release|iPhone.ActiveCfg = Release|Any CPU
		{72A4AB1C-83D4-469E-A18E-085FA4E9343E}.Release|iPhone.Build.0 = Release|Any CPU
		{72A4AB1C-83D4-469E-A18E-085FA4E9343E}.Release|iPhone.Deploy.0 = Release|Any CPU
		{72A4AB1C-83D4-469E-A18E-085FA4E9343E}.Release|iPhoneSimulator.ActiveCfg = Release|Any CPU
		{72A4AB1C-83D4-469E-A18E-085FA4E9343E}.Release|iPhoneSimulator.Build.0 = Release|Any CPU
		{72A4AB1C-83D4-469E-A18E-085FA4E9343E}.Release|iPhoneSimulator.Deploy.0 = Release|Any CPU
		{72A4AB1C-83D4-469E-A18E-085FA4E9343E}.Release|x64.ActiveCfg = Release|Any CPU
		{72A4AB1C-83D4-469E-A18E-085FA4E9343E}.Release|x64.Build.0 = Release|Any CPU
		{72A4AB1C-83D4-469E-A18E-085FA4E9343E}.Release|x64.Deploy.0 = Release|Any CPU
		{72A4AB1C-83D4-469E-A18E-085FA4E9343E}.Release|x86.ActiveCfg = Release|Any CPU
		{72A4AB1C-83D4-469E-A18E-085FA4E9343E}.Release|x86.Build.0 = Release|Any CPU
		{72A4AB1C-83D4-469E-A18E-085FA4E9343E}.Release|x86.Deploy.0 = Release|Any CPU
	EndGlobalSection
	GlobalSection(SolutionProperties) = preSolution
		HideSolutionNode = FALSE
	EndGlobalSection
	GlobalSection(ExtensibilityGlobals) = postSolution
		SolutionGuid = {FA73E869-5107-42D5-A3F7-8591E9C2BD7C}
	EndGlobalSection
EndGlobal
